// !$*UTF8*$!
{
	archiveVersion = 1;
	classes = {
	};
	objectVersion = 46;
	objects = {

/* Begin PBXBuildFile section */
		DC07689617A876AD0000344D /* AsynchImageView.m in Sources */ = {isa = PBXBuildFile; fileRef = DC07689217A876AD0000344D /* AsynchImageView.m */; };
		DC07689717A876AD0000344D /* GetImageOperation.m in Sources */ = {isa = PBXBuildFile; fileRef = DC07689417A876AD0000344D /* GetImageOperation.m */; };
		DC07689A17A8A1EF0000344D /* ContentTableViewController.m in Sources */ = {isa = PBXBuildFile; fileRef = DC07689917A8A1EF0000344D /* ContentTableViewController.m */; };
		DC0DB02A17A42A32006CC531 /* Foundation.framework in Frameworks */ = {isa = PBXBuildFile; fileRef = DC0DB02917A42A32006CC531 /* Foundation.framework */; };
		DC0DB02C17A42A32006CC531 /* CoreGraphics.framework in Frameworks */ = {isa = PBXBuildFile; fileRef = DC0DB02B17A42A32006CC531 /* CoreGraphics.framework */; };
		DC0DB02E17A42A32006CC531 /* UIKit.framework in Frameworks */ = {isa = PBXBuildFile; fileRef = DC0DB02D17A42A32006CC531 /* UIKit.framework */; };
		DC0DB03417A42A32006CC531 /* InfoPlist.strings in Resources */ = {isa = PBXBuildFile; fileRef = DC0DB03217A42A32006CC531 /* InfoPlist.strings */; };
		DC0DB03617A42A32006CC531 /* main.m in Sources */ = {isa = PBXBuildFile; fileRef = DC0DB03517A42A32006CC531 /* main.m */; };
		DC0DB03A17A42A32006CC531 /* AppDelegate.m in Sources */ = {isa = PBXBuildFile; fileRef = DC0DB03917A42A32006CC531 /* AppDelegate.m */; };
		DC0DB04517A42A32006CC531 /* Images.xcassets in Resources */ = {isa = PBXBuildFile; fileRef = DC0DB04417A42A32006CC531 /* Images.xcassets */; };
		DC0DB04C17A42A32006CC531 /* XCTest.framework in Frameworks */ = {isa = PBXBuildFile; fileRef = DC0DB04B17A42A32006CC531 /* XCTest.framework */; };
		DC0DB04D17A42A32006CC531 /* Foundation.framework in Frameworks */ = {isa = PBXBuildFile; fileRef = DC0DB02917A42A32006CC531 /* Foundation.framework */; };
		DC0DB04E17A42A32006CC531 /* UIKit.framework in Frameworks */ = {isa = PBXBuildFile; fileRef = DC0DB02D17A42A32006CC531 /* UIKit.framework */; };
		DC0DB05617A42A32006CC531 /* InfoPlist.strings in Resources */ = {isa = PBXBuildFile; fileRef = DC0DB05417A42A32006CC531 /* InfoPlist.strings */; };
		DC0DB05817A42A32006CC531 /* HiddinTests.m in Sources */ = {isa = PBXBuildFile; fileRef = DC0DB05717A42A32006CC531 /* HiddinTests.m */; };
		DC0DB06217A42B67006CC531 /* libsqlite3.dylib in Frameworks */ = {isa = PBXBuildFile; fileRef = DC0DB06117A42B66006CC531 /* libsqlite3.dylib */; };
		DC0DB06717A42BB6006CC531 /* FacebookSDKResources.bundle in Resources */ = {isa = PBXBuildFile; fileRef = DC0DB06517A42BB6006CC531 /* FacebookSDKResources.bundle */; };
		DC0DB06817A42BB6006CC531 /* FBUserSettingsViewResources.bundle in Resources */ = {isa = PBXBuildFile; fileRef = DC0DB06617A42BB6006CC531 /* FBUserSettingsViewResources.bundle */; };
		DC0DB06A17A42BC7006CC531 /* Accounts.framework in Frameworks */ = {isa = PBXBuildFile; fileRef = DC0DB06917A42BC7006CC531 /* Accounts.framework */; };
		DC0DB06C17A42BD4006CC531 /* Social.framework in Frameworks */ = {isa = PBXBuildFile; fileRef = DC0DB06B17A42BD4006CC531 /* Social.framework */; };
		DC0DB06E17A42BDF006CC531 /* AdSupport.framework in Frameworks */ = {isa = PBXBuildFile; fileRef = DC0DB06D17A42BDF006CC531 /* AdSupport.framework */; };
		DC0DB07017A42BE4006CC531 /* CFNetwork.framework in Frameworks */ = {isa = PBXBuildFile; fileRef = DC0DB06F17A42BE4006CC531 /* CFNetwork.framework */; };
		DC0DB07217A42BEC006CC531 /* libz.dylib in Frameworks */ = {isa = PBXBuildFile; fileRef = DC0DB07117A42BEC006CC531 /* libz.dylib */; };
		DC0DB07417A42BF5006CC531 /* MobileCoreServices.framework in Frameworks */ = {isa = PBXBuildFile; fileRef = DC0DB07317A42BF5006CC531 /* MobileCoreServices.framework */; };
		DC0DB07617A42BFD006CC531 /* Security.framework in Frameworks */ = {isa = PBXBuildFile; fileRef = DC0DB07517A42BFD006CC531 /* Security.framework */; };
		DC0DB07817A42C03006CC531 /* QuartzCore.framework in Frameworks */ = {isa = PBXBuildFile; fileRef = DC0DB07717A42C03006CC531 /* QuartzCore.framework */; };
		DC0DB07A17A42C36006CC531 /* SystemConfiguration.framework in Frameworks */ = {isa = PBXBuildFile; fileRef = DC0DB07917A42C36006CC531 /* SystemConfiguration.framework */; };
		DC0DB07B17A42C4C006CC531 /* Main_iPhone.storyboard in Resources */ = {isa = PBXBuildFile; fileRef = DC0DB03B17A42A32006CC531 /* Main_iPhone.storyboard */; };
		DC0DB07C17A42C4C006CC531 /* Main_iPad.storyboard in Resources */ = {isa = PBXBuildFile; fileRef = DC0DB03E17A42A32006CC531 /* Main_iPad.storyboard */; };
		DC0DB08517A42D60006CC531 /* SplashViewController.m in Sources */ = {isa = PBXBuildFile; fileRef = DC0DB08417A42D60006CC531 /* SplashViewController.m */; };
		DC0DB08A17A42DAF006CC531 /* JASidePanelController.m in Sources */ = {isa = PBXBuildFile; fileRef = DC0DB08717A42DAF006CC531 /* JASidePanelController.m */; };
		DC0DB08B17A42DAF006CC531 /* UIViewController+JASidePanel.m in Sources */ = {isa = PBXBuildFile; fileRef = DC0DB08917A42DAF006CC531 /* UIViewController+JASidePanel.m */; };
		DC0DB09017A42DD1006CC531 /* MenuViewController.m in Sources */ = {isa = PBXBuildFile; fileRef = DC0DB08F17A42DD1006CC531 /* MenuViewController.m */; };
		DC0DB09317A42E0F006CC531 /* Reachability.m in Sources */ = {isa = PBXBuildFile; fileRef = DC0DB09217A42E0F006CC531 /* Reachability.m */; };
		DC0DB09617A4373A006CC531 /* FacebookSDK.framework in Frameworks */ = {isa = PBXBuildFile; fileRef = DC0DB09517A4373A006CC531 /* FacebookSDK.framework */; };
		DC0DB09917A44084006CC531 /* ContentViewController.m in Sources */ = {isa = PBXBuildFile; fileRef = DC0DB09817A44084006CC531 /* ContentViewController.m */; };
		DC0DB09C17A44DEE006CC531 /* Content.m in Sources */ = {isa = PBXBuildFile; fileRef = DC0DB09B17A44DEE006CC531 /* Content.m */; };
		DC0DB09E17A455F2006CC531 /* MyContent.sqlite in Resources */ = {isa = PBXBuildFile; fileRef = DC0DB09D17A455F2006CC531 /* MyContent.sqlite */; };
		DC19A09017A5C11500BC784C /* hiddin_nav@2x.png in Resources */ = {isa = PBXBuildFile; fileRef = DC19A08F17A5C11500BC784C /* hiddin_nav@2x.png */; };
		DC1C9DE717AC34D30067F63D /* hiddin_text_horizontal@2x.png in Resources */ = {isa = PBXBuildFile; fileRef = DC1C9DE617AC34D30067F63D /* hiddin_text_horizontal@2x.png */; };
		DC1C9DEA17AC48EB0067F63D /* hiddin_facebook_login@2x.png in Resources */ = {isa = PBXBuildFile; fileRef = DC1C9DE817AC48EB0067F63D /* hiddin_facebook_login@2x.png */; };
		DC1C9DEB17AC48EB0067F63D /* hiddin_twitter_login@2x.png in Resources */ = {isa = PBXBuildFile; fileRef = DC1C9DE917AC48EB0067F63D /* hiddin_twitter_login@2x.png */; };
		DC1C9DED17AC599B0067F63D /* Twitter.framework in Frameworks */ = {isa = PBXBuildFile; fileRef = DC1C9DEC17AC599B0067F63D /* Twitter.framework */; };
		DC1C9DF017AC62800067F63D /* TDBadgedCell.m in Sources */ = {isa = PBXBuildFile; fileRef = DC1C9DEF17AC62800067F63D /* TDBadgedCell.m */; };
		DC1C9DF317AC66380067F63D /* hiddin_left_keep@2x.png in Resources */ = {isa = PBXBuildFile; fileRef = DC1C9DF117AC66380067F63D /* hiddin_left_keep@2x.png */; };
		DC1C9DF417AC66380067F63D /* hiddin_left_later@2x.png in Resources */ = {isa = PBXBuildFile; fileRef = DC1C9DF217AC66380067F63D /* hiddin_left_later@2x.png */; };
		DC1C9DF617AC6B450067F63D /* hiddin_nav_refresh@2x.png in Resources */ = {isa = PBXBuildFile; fileRef = DC1C9DF517AC6B450067F63D /* hiddin_nav_refresh@2x.png */; };
		DC2530DC17A4D94C0048D5B4 /* MessageUI.framework in Frameworks */ = {isa = PBXBuildFile; fileRef = DC2530DB17A4D94C0048D5B4 /* MessageUI.framework */; };
		DC2530DF17A4DB390048D5B4 /* MTPopupWindow.m in Sources */ = {isa = PBXBuildFile; fileRef = DC2530DE17A4DB390048D5B4 /* MTPopupWindow.m */; };
		DC2530E217A4FB760048D5B4 /* LeftViewController.m in Sources */ = {isa = PBXBuildFile; fileRef = DC2530E117A4FB760048D5B4 /* LeftViewController.m */; };
		DC2530E717A4FEDD0048D5B4 /* hiddin_left_twitter@2x.png in Resources */ = {isa = PBXBuildFile; fileRef = DC2530E417A4FEDD0048D5B4 /* hiddin_left_twitter@2x.png */; };
		DC2530E817A4FEDD0048D5B4 /* hiddin_left_facebook@2x.png in Resources */ = {isa = PBXBuildFile; fileRef = DC2530E517A4FEDD0048D5B4 /* hiddin_left_facebook@2x.png */; };
		DC264B3717A47EB1008973D7 /* hiddin_later_A@2x.png in Resources */ = {isa = PBXBuildFile; fileRef = DC264B3117A47EB1008973D7 /* hiddin_later_A@2x.png */; };
		DC264B3817A47EB1008973D7 /* hiddin_later_B@2x.png in Resources */ = {isa = PBXBuildFile; fileRef = DC264B3217A47EB1008973D7 /* hiddin_later_B@2x.png */; };
		DC264B3917A47EB1008973D7 /* hiddin_delete_A@2x.png in Resources */ = {isa = PBXBuildFile; fileRef = DC264B3317A47EB1008973D7 /* hiddin_delete_A@2x.png */; };
		DC264B3A17A47EB1008973D7 /* hiddin_delete_B@2x.png in Resources */ = {isa = PBXBuildFile; fileRef = DC264B3417A47EB1008973D7 /* hiddin_delete_B@2x.png */; };
		DC264B3B17A47EB1008973D7 /* hiddin_keep_A@2x.png in Resources */ = {isa = PBXBuildFile; fileRef = DC264B3517A47EB1008973D7 /* hiddin_keep_A@2x.png */; };
		DC264B3C17A47EB1008973D7 /* hiddin_keep_B@2x.png in Resources */ = {isa = PBXBuildFile; fileRef = DC264B3617A47EB1008973D7 /* hiddin_keep_B@2x.png */; };
		DC264B4617A481EF008973D7 /* hiddin_right_A@2x.png in Resources */ = {isa = PBXBuildFile; fileRef = DC264B4017A481EF008973D7 /* hiddin_right_A@2x.png */; };
		DC264B4717A481EF008973D7 /* hiddin_right_B@2x.png in Resources */ = {isa = PBXBuildFile; fileRef = DC264B4117A481EF008973D7 /* hiddin_right_B@2x.png */; };
		DC264B4817A481EF008973D7 /* hiddin_left_B@2x.png in Resources */ = {isa = PBXBuildFile; fileRef = DC264B4217A481EF008973D7 /* hiddin_left_B@2x.png */; };
		DC264B4917A481EF008973D7 /* hiddin_left_A@2x.png in Resources */ = {isa = PBXBuildFile; fileRef = DC264B4317A481EF008973D7 /* hiddin_left_A@2x.png */; };
		DC37FF3C17ADD3A400A6C056 /* hiddin_splash@2x.png in Resources */ = {isa = PBXBuildFile; fileRef = DC37FF3B17ADD3A400A6C056 /* hiddin_splash@2x.png */; };
		DC37FF3F17ADD66F00A6C056 /* IntroViewController.m in Sources */ = {isa = PBXBuildFile; fileRef = DC37FF3E17ADD66F00A6C056 /* IntroViewController.m */; };
		DC37FF4117ADDAA700A6C056 /* hiddin_getstarted@2x.png in Resources */ = {isa = PBXBuildFile; fileRef = DC37FF4017ADDAA700A6C056 /* hiddin_getstarted@2x.png */; };
		DC37FF4417ADDCF600A6C056 /* hiddin_tweets@2x.png in Resources */ = {isa = PBXBuildFile; fileRef = DC37FF4217ADDCF500A6C056 /* hiddin_tweets@2x.png */; };
		DC37FF4517ADDCF600A6C056 /* hiddin_photos@2x.png in Resources */ = {isa = PBXBuildFile; fileRef = DC37FF4317ADDCF500A6C056 /* hiddin_photos@2x.png */; };
		DC37FF4717ADE8F300A6C056 /* hiddin_wireframe@2x.png in Resources */ = {isa = PBXBuildFile; fileRef = DC37FF4617ADE8F300A6C056 /* hiddin_wireframe@2x.png */; };
		DC37FF4C17AE431F00A6C056 /* hiddin_photo_3@2x.png in Resources */ = {isa = PBXBuildFile; fileRef = DC37FF4817AE431F00A6C056 /* hiddin_photo_3@2x.png */; };
		DC37FF4D17AE431F00A6C056 /* hiddin_photo_2@2x.png in Resources */ = {isa = PBXBuildFile; fileRef = DC37FF4917AE431F00A6C056 /* hiddin_photo_2@2x.png */; };
		DC37FF4E17AE431F00A6C056 /* hiddin_photo_1@2x.png in Resources */ = {isa = PBXBuildFile; fileRef = DC37FF4A17AE431F00A6C056 /* hiddin_photo_1@2x.png */; };
		DC37FF4F17AE431F00A6C056 /* hiddin_finger@2x.png in Resources */ = {isa = PBXBuildFile; fileRef = DC37FF4B17AE431F00A6C056 /* hiddin_finger@2x.png */; };
		DC37FF5117AE48CE00A6C056 /* hiddin_photo_4@2x.png in Resources */ = {isa = PBXBuildFile; fileRef = DC37FF5017AE48CE00A6C056 /* hiddin_photo_4@2x.png */; };
		DC37FF5517AE4ABC00A6C056 /* hiddin_photo_5@2x.png in Resources */ = {isa = PBXBuildFile; fileRef = DC37FF5417AE4ABC00A6C056 /* hiddin_photo_5@2x.png */; };
		DC37FF5717AE4C7C00A6C056 /* hiddin_continue@2x.png in Resources */ = {isa = PBXBuildFile; fileRef = DC37FF5617AE4C7C00A6C056 /* hiddin_continue@2x.png */; };
		DC37FF5917AE4F0700A6C056 /* hiddin_left_help@2x.png in Resources */ = {isa = PBXBuildFile; fileRef = DC37FF5817AE4F0700A6C056 /* hiddin_left_help@2x.png */; };
		DC37FF5D17AEC44000A6C056 /* hiddin_arrow_yellow@2x.png in Resources */ = {isa = PBXBuildFile; fileRef = DC37FF5A17AEC44000A6C056 /* hiddin_arrow_yellow@2x.png */; };
		DC37FF5E17AEC44000A6C056 /* hiddin_arrow_red@2x.png in Resources */ = {isa = PBXBuildFile; fileRef = DC37FF5B17AEC44000A6C056 /* hiddin_arrow_red@2x.png */; };
		DC37FF5F17AEC44000A6C056 /* hiddin_arrow_green@2x.png in Resources */ = {isa = PBXBuildFile; fileRef = DC37FF5C17AEC44000A6C056 /* hiddin_arrow_green@2x.png */; };
		DC37FF6217AEC82300A6C056 /* UIView+Badge.m in Sources */ = {isa = PBXBuildFile; fileRef = DC37FF6117AEC82300A6C056 /* UIView+Badge.m */; };
		DC3872D417AB44AD00C9C01B /* hiddin_save_A@2x.png in Resources */ = {isa = PBXBuildFile; fileRef = DC3872D217AB44AD00C9C01B /* hiddin_save_A@2x.png */; };
		DC3872D517AB44AD00C9C01B /* hiddin_save_B@2x.png in Resources */ = {isa = PBXBuildFile; fileRef = DC3872D317AB44AD00C9C01B /* hiddin_save_B@2x.png */; };
		DC3872D917AB47D900C9C01B /* SVProgressHUD.m in Sources */ = {isa = PBXBuildFile; fileRef = DC3872D717AB47D900C9C01B /* SVProgressHUD.m */; };
		DC3872DA17AB47D900C9C01B /* SVProgressHUD.bundle in Resources */ = {isa = PBXBuildFile; fileRef = DC3872D817AB47D900C9C01B /* SVProgressHUD.bundle */; };
		DCA510E417D6C0BE00286F66 /* DoneViewController.m in Sources */ = {isa = PBXBuildFile; fileRef = DCA510E317D6C0BE00286F66 /* DoneViewController.m */; };
		DCA510E617D6C70300286F66 /* done@2x.png in Resources */ = {isa = PBXBuildFile; fileRef = DCA510E517D6C70300286F66 /* done@2x.png */; };
		DCA510E817D6C8BE00286F66 /* hiddin_done_twitter@2x.png in Resources */ = {isa = PBXBuildFile; fileRef = DCA510E717D6C8BE00286F66 /* hiddin_done_twitter@2x.png */; };
		DCA510EA17D6DE4800286F66 /* hiddin_twitter_error@2x.png in Resources */ = {isa = PBXBuildFile; fileRef = DCA510E917D6DE4800286F66 /* hiddin_twitter_error@2x.png */; };
		DCA510ED17D6DE5F00286F66 /* ErrorViewController.m in Sources */ = {isa = PBXBuildFile; fileRef = DCA510EC17D6DE5F00286F66 /* ErrorViewController.m */; };
		DCA510EF17D6DF5300286F66 /* hiddin_error_tryagain@2x.png in Resources */ = {isa = PBXBuildFile; fileRef = DCA510EE17D6DF5300286F66 /* hiddin_error_tryagain@2x.png */; };
		DCA5110017D77A7B00286F66 /* WETouchableView.m in Sources */ = {isa = PBXBuildFile; fileRef = DCA510F817D77A7B00286F66 /* WETouchableView.m */; settings = {COMPILER_FLAGS = "-fno-objc-arc"; }; };
		DCA5110117D77A7B00286F66 /* WEPopoverContainerView.m in Sources */ = {isa = PBXBuildFile; fileRef = DCA510FA17D77A7B00286F66 /* WEPopoverContainerView.m */; settings = {COMPILER_FLAGS = "-fno-objc-arc"; }; };
		DCA5110217D77A7B00286F66 /* WEPopoverController.m in Sources */ = {isa = PBXBuildFile; fileRef = DCA510FC17D77A7B00286F66 /* WEPopoverController.m */; settings = {COMPILER_FLAGS = "-fno-objc-arc"; }; };
		DCA5110317D77A7B00286F66 /* UIBarButtonItem+WEPopover.m in Sources */ = {isa = PBXBuildFile; fileRef = DCA510FF17D77A7B00286F66 /* UIBarButtonItem+WEPopover.m */; };
		DCA5110617D77AC000286F66 /* WEPopoverContentViewController.m in Sources */ = {isa = PBXBuildFile; fileRef = DCA5110517D77AC000286F66 /* WEPopoverContentViewController.m */; settings = {COMPILER_FLAGS = "-fno-objc-arc"; }; };
		DCA5111617D77DB600286F66 /* popoverArrowDown.png in Resources */ = {isa = PBXBuildFile; fileRef = DCA5110717D77DB600286F66 /* popoverArrowDown.png */; };
		DCA5111717D77DB600286F66 /* popoverArrowDown@2x.png in Resources */ = {isa = PBXBuildFile; fileRef = DCA5110817D77DB600286F66 /* popoverArrowDown@2x.png */; };
		DCA5111817D77DB600286F66 /* popoverArrowDownSimple.png in Resources */ = {isa = PBXBuildFile; fileRef = DCA5110917D77DB600286F66 /* popoverArrowDownSimple.png */; };
		DCA5111917D77DB600286F66 /* popoverArrowLeft.png in Resources */ = {isa = PBXBuildFile; fileRef = DCA5110A17D77DB600286F66 /* popoverArrowLeft.png */; };
		DCA5111A17D77DB600286F66 /* popoverArrowLeft@2x.png in Resources */ = {isa = PBXBuildFile; fileRef = DCA5110B17D77DB600286F66 /* popoverArrowLeft@2x.png */; };
		DCA5111B17D77DB600286F66 /* popoverArrowLeftSimple.png in Resources */ = {isa = PBXBuildFile; fileRef = DCA5110C17D77DB600286F66 /* popoverArrowLeftSimple.png */; };
		DCA5111C17D77DB600286F66 /* popoverArrowRight.png in Resources */ = {isa = PBXBuildFile; fileRef = DCA5110D17D77DB600286F66 /* popoverArrowRight.png */; };
		DCA5111D17D77DB600286F66 /* popoverArrowRight@2x.png in Resources */ = {isa = PBXBuildFile; fileRef = DCA5110E17D77DB600286F66 /* popoverArrowRight@2x.png */; };
		DCA5111E17D77DB600286F66 /* popoverArrowRightSimple.png in Resources */ = {isa = PBXBuildFile; fileRef = DCA5110F17D77DB600286F66 /* popoverArrowRightSimple.png */; };
		DCA5111F17D77DB600286F66 /* popoverArrowUp.png in Resources */ = {isa = PBXBuildFile; fileRef = DCA5111017D77DB600286F66 /* popoverArrowUp.png */; };
		DCA5112017D77DB600286F66 /* popoverArrowUp@2x.png in Resources */ = {isa = PBXBuildFile; fileRef = DCA5111117D77DB600286F66 /* popoverArrowUp@2x.png */; };
		DCA5112117D77DB600286F66 /* popoverArrowUpSimple.png in Resources */ = {isa = PBXBuildFile; fileRef = DCA5111217D77DB600286F66 /* popoverArrowUpSimple.png */; };
		DCA5112217D77DB600286F66 /* popoverBg.png in Resources */ = {isa = PBXBuildFile; fileRef = DCA5111317D77DB600286F66 /* popoverBg.png */; };
		DCA5112317D77DB600286F66 /* popoverBg@2x.png in Resources */ = {isa = PBXBuildFile; fileRef = DCA5111417D77DB600286F66 /* popoverBg@2x.png */; };
		DCA5112417D77DB600286F66 /* popoverBgSimple.png in Resources */ = {isa = PBXBuildFile; fileRef = DCA5111517D77DB600286F66 /* popoverBgSimple.png */; };
		DCCC9D3A17EFDAD200FC299F /* Default-568h@2x.png in Resources */ = {isa = PBXBuildFile; fileRef = DCCC9D3917EFDAD200FC299F /* Default-568h@2x.png */; };
		DCCC9D3C17EFDB1D00FC299F /* Default@2x.png in Resources */ = {isa = PBXBuildFile; fileRef = DCCC9D3B17EFDB1D00FC299F /* Default@2x.png */; };
		DCCC9D3E17EFDE0200FC299F /* Default.png in Resources */ = {isa = PBXBuildFile; fileRef = DCCC9D3D17EFDE0200FC299F /* Default.png */; };
		DCF0C8A317B00DA90008AA20 /* BannerViewController.m in Sources */ = {isa = PBXBuildFile; fileRef = DCF0C8A217B00DA90008AA20 /* BannerViewController.m */; };
		DCF0C8A517B00DBE0008AA20 /* iAd.framework in Frameworks */ = {isa = PBXBuildFile; fileRef = DCF0C8A417B00DBE0008AA20 /* iAd.framework */; };
		DCF0C8AC17B04D930008AA20 /* hiddin_left_retweet@2x.png in Resources */ = {isa = PBXBuildFile; fileRef = DCF0C8AB17B04D930008AA20 /* hiddin_left_retweet@2x.png */; };
		DCF9E12A17A9725C00377705 /* JZSwipeCell.m in Sources */ = {isa = PBXBuildFile; fileRef = DCF9E12917A9725C00377705 /* JZSwipeCell.m */; };
		DCF9E12D17A9729200377705 /* ExampleCell.m in Sources */ = {isa = PBXBuildFile; fileRef = DCF9E12C17A9729200377705 /* ExampleCell.m */; };
		DCF9E13217A9C1CE00377705 /* hiddin_keep_C@2x.png in Resources */ = {isa = PBXBuildFile; fileRef = DCF9E12F17A9C1CE00377705 /* hiddin_keep_C@2x.png */; };
		DCF9E13317A9C1CE00377705 /* hiddin_delete_C@2x.png in Resources */ = {isa = PBXBuildFile; fileRef = DCF9E13017A9C1CE00377705 /* hiddin_delete_C@2x.png */; };
		DCF9E13417A9C1CE00377705 /* hiddin_later_C@2x.png in Resources */ = {isa = PBXBuildFile; fileRef = DCF9E13117A9C1CE00377705 /* hiddin_later_C@2x.png */; };
		DCF9E13817A9CBC100377705 /* hiddin_left_reload@2x.png in Resources */ = {isa = PBXBuildFile; fileRef = DCF9E13717A9CBC100377705 /* hiddin_left_reload@2x.png */; };
/* End PBXBuildFile section */

/* Begin PBXContainerItemProxy section */
		DC0DB04F17A42A32006CC531 /* PBXContainerItemProxy */ = {
			isa = PBXContainerItemProxy;
			containerPortal = DC0DB01E17A42A32006CC531 /* Project object */;
			proxyType = 1;
			remoteGlobalIDString = DC0DB02517A42A32006CC531;
			remoteInfo = Hiddin;
		};
/* End PBXContainerItemProxy section */

/* Begin PBXFileReference section */
		DC07689117A876AD0000344D /* AsynchImageView.h */ = {isa = PBXFileReference; fileEncoding = 4; lastKnownFileType = sourcecode.c.h; path = AsynchImageView.h; sourceTree = "<group>"; };
		DC07689217A876AD0000344D /* AsynchImageView.m */ = {isa = PBXFileReference; fileEncoding = 4; lastKnownFileType = sourcecode.c.objc; path = AsynchImageView.m; sourceTree = "<group>"; };
		DC07689317A876AD0000344D /* GetImageOperation.h */ = {isa = PBXFileReference; fileEncoding = 4; lastKnownFileType = sourcecode.c.h; path = GetImageOperation.h; sourceTree = "<group>"; };
		DC07689417A876AD0000344D /* GetImageOperation.m */ = {isa = PBXFileReference; fileEncoding = 4; lastKnownFileType = sourcecode.c.objc; path = GetImageOperation.m; sourceTree = "<group>"; };
		DC07689817A8A1EF0000344D /* ContentTableViewController.h */ = {isa = PBXFileReference; fileEncoding = 4; lastKnownFileType = sourcecode.c.h; path = ContentTableViewController.h; sourceTree = "<group>"; };
		DC07689917A8A1EF0000344D /* ContentTableViewController.m */ = {isa = PBXFileReference; fileEncoding = 4; lastKnownFileType = sourcecode.c.objc; path = ContentTableViewController.m; sourceTree = "<group>"; };
		DC0DB02617A42A32006CC531 /* Hiddin.app */ = {isa = PBXFileReference; explicitFileType = wrapper.application; includeInIndex = 0; path = Hiddin.app; sourceTree = BUILT_PRODUCTS_DIR; };
		DC0DB02917A42A32006CC531 /* Foundation.framework */ = {isa = PBXFileReference; lastKnownFileType = wrapper.framework; name = Foundation.framework; path = System/Library/Frameworks/Foundation.framework; sourceTree = SDKROOT; };
		DC0DB02B17A42A32006CC531 /* CoreGraphics.framework */ = {isa = PBXFileReference; lastKnownFileType = wrapper.framework; name = CoreGraphics.framework; path = System/Library/Frameworks/CoreGraphics.framework; sourceTree = SDKROOT; };
		DC0DB02D17A42A32006CC531 /* UIKit.framework */ = {isa = PBXFileReference; lastKnownFileType = wrapper.framework; name = UIKit.framework; path = System/Library/Frameworks/UIKit.framework; sourceTree = SDKROOT; };
		DC0DB03117A42A32006CC531 /* Hiddin-Info.plist */ = {isa = PBXFileReference; lastKnownFileType = text.plist.xml; path = "Hiddin-Info.plist"; sourceTree = "<group>"; };
		DC0DB03317A42A32006CC531 /* en */ = {isa = PBXFileReference; lastKnownFileType = text.plist.strings; name = en; path = en.lproj/InfoPlist.strings; sourceTree = "<group>"; };
		DC0DB03517A42A32006CC531 /* main.m */ = {isa = PBXFileReference; lastKnownFileType = sourcecode.c.objc; path = main.m; sourceTree = "<group>"; };
		DC0DB03717A42A32006CC531 /* Hiddin-Prefix.pch */ = {isa = PBXFileReference; lastKnownFileType = sourcecode.c.h; path = "Hiddin-Prefix.pch"; sourceTree = "<group>"; };
		DC0DB03817A42A32006CC531 /* AppDelegate.h */ = {isa = PBXFileReference; lastKnownFileType = sourcecode.c.h; path = AppDelegate.h; sourceTree = "<group>"; };
		DC0DB03917A42A32006CC531 /* AppDelegate.m */ = {isa = PBXFileReference; lastKnownFileType = sourcecode.c.objc; path = AppDelegate.m; sourceTree = "<group>"; };
		DC0DB03C17A42A32006CC531 /* Base */ = {isa = PBXFileReference; lastKnownFileType = file.storyboard; name = Base; path = Base.lproj/Main_iPhone.storyboard; sourceTree = "<group>"; };
		DC0DB03F17A42A32006CC531 /* Base */ = {isa = PBXFileReference; lastKnownFileType = file.storyboard; name = Base; path = Base.lproj/Main_iPad.storyboard; sourceTree = "<group>"; };
		DC0DB04417A42A32006CC531 /* Images.xcassets */ = {isa = PBXFileReference; lastKnownFileType = folder.assetcatalog; path = Images.xcassets; sourceTree = "<group>"; };
		DC0DB04A17A42A32006CC531 /* HiddinTests.xctest */ = {isa = PBXFileReference; explicitFileType = wrapper.cfbundle; includeInIndex = 0; path = HiddinTests.xctest; sourceTree = BUILT_PRODUCTS_DIR; };
		DC0DB04B17A42A32006CC531 /* XCTest.framework */ = {isa = PBXFileReference; lastKnownFileType = wrapper.framework; name = XCTest.framework; path = Library/Frameworks/XCTest.framework; sourceTree = DEVELOPER_DIR; };
		DC0DB05317A42A32006CC531 /* HiddinTests-Info.plist */ = {isa = PBXFileReference; lastKnownFileType = text.plist.xml; path = "HiddinTests-Info.plist"; sourceTree = "<group>"; };
		DC0DB05517A42A32006CC531 /* en */ = {isa = PBXFileReference; lastKnownFileType = text.plist.strings; name = en; path = en.lproj/InfoPlist.strings; sourceTree = "<group>"; };
		DC0DB05717A42A32006CC531 /* HiddinTests.m */ = {isa = PBXFileReference; lastKnownFileType = sourcecode.c.objc; path = HiddinTests.m; sourceTree = "<group>"; };
		DC0DB06117A42B66006CC531 /* libsqlite3.dylib */ = {isa = PBXFileReference; lastKnownFileType = "compiled.mach-o.dylib"; name = libsqlite3.dylib; path = usr/lib/libsqlite3.dylib; sourceTree = SDKROOT; };
		DC0DB06517A42BB6006CC531 /* FacebookSDKResources.bundle */ = {isa = PBXFileReference; lastKnownFileType = "wrapper.plug-in"; path = FacebookSDKResources.bundle; sourceTree = "<group>"; };
		DC0DB06617A42BB6006CC531 /* FBUserSettingsViewResources.bundle */ = {isa = PBXFileReference; lastKnownFileType = "wrapper.plug-in"; path = FBUserSettingsViewResources.bundle; sourceTree = "<group>"; };
		DC0DB06917A42BC7006CC531 /* Accounts.framework */ = {isa = PBXFileReference; lastKnownFileType = wrapper.framework; name = Accounts.framework; path = System/Library/Frameworks/Accounts.framework; sourceTree = SDKROOT; };
		DC0DB06B17A42BD4006CC531 /* Social.framework */ = {isa = PBXFileReference; lastKnownFileType = wrapper.framework; name = Social.framework; path = System/Library/Frameworks/Social.framework; sourceTree = SDKROOT; };
		DC0DB06D17A42BDF006CC531 /* AdSupport.framework */ = {isa = PBXFileReference; lastKnownFileType = wrapper.framework; name = AdSupport.framework; path = System/Library/Frameworks/AdSupport.framework; sourceTree = SDKROOT; };
		DC0DB06F17A42BE4006CC531 /* CFNetwork.framework */ = {isa = PBXFileReference; lastKnownFileType = wrapper.framework; name = CFNetwork.framework; path = System/Library/Frameworks/CFNetwork.framework; sourceTree = SDKROOT; };
		DC0DB07117A42BEC006CC531 /* libz.dylib */ = {isa = PBXFileReference; lastKnownFileType = "compiled.mach-o.dylib"; name = libz.dylib; path = usr/lib/libz.dylib; sourceTree = SDKROOT; };
		DC0DB07317A42BF5006CC531 /* MobileCoreServices.framework */ = {isa = PBXFileReference; lastKnownFileType = wrapper.framework; name = MobileCoreServices.framework; path = System/Library/Frameworks/MobileCoreServices.framework; sourceTree = SDKROOT; };
		DC0DB07517A42BFD006CC531 /* Security.framework */ = {isa = PBXFileReference; lastKnownFileType = wrapper.framework; name = Security.framework; path = System/Library/Frameworks/Security.framework; sourceTree = SDKROOT; };
		DC0DB07717A42C03006CC531 /* QuartzCore.framework */ = {isa = PBXFileReference; lastKnownFileType = wrapper.framework; name = QuartzCore.framework; path = System/Library/Frameworks/QuartzCore.framework; sourceTree = SDKROOT; };
		DC0DB07917A42C36006CC531 /* SystemConfiguration.framework */ = {isa = PBXFileReference; lastKnownFileType = wrapper.framework; name = SystemConfiguration.framework; path = System/Library/Frameworks/SystemConfiguration.framework; sourceTree = SDKROOT; };
		DC0DB08317A42D60006CC531 /* SplashViewController.h */ = {isa = PBXFileReference; fileEncoding = 4; lastKnownFileType = sourcecode.c.h; path = SplashViewController.h; sourceTree = "<group>"; };
		DC0DB08417A42D60006CC531 /* SplashViewController.m */ = {isa = PBXFileReference; fileEncoding = 4; lastKnownFileType = sourcecode.c.objc; path = SplashViewController.m; sourceTree = "<group>"; };
		DC0DB08617A42DAF006CC531 /* JASidePanelController.h */ = {isa = PBXFileReference; fileEncoding = 4; lastKnownFileType = sourcecode.c.h; path = JASidePanelController.h; sourceTree = "<group>"; };
		DC0DB08717A42DAF006CC531 /* JASidePanelController.m */ = {isa = PBXFileReference; fileEncoding = 4; lastKnownFileType = sourcecode.c.objc; path = JASidePanelController.m; sourceTree = "<group>"; };
		DC0DB08817A42DAF006CC531 /* UIViewController+JASidePanel.h */ = {isa = PBXFileReference; fileEncoding = 4; lastKnownFileType = sourcecode.c.h; path = "UIViewController+JASidePanel.h"; sourceTree = "<group>"; };
		DC0DB08917A42DAF006CC531 /* UIViewController+JASidePanel.m */ = {isa = PBXFileReference; fileEncoding = 4; lastKnownFileType = sourcecode.c.objc; path = "UIViewController+JASidePanel.m"; sourceTree = "<group>"; };
		DC0DB08E17A42DD1006CC531 /* MenuViewController.h */ = {isa = PBXFileReference; fileEncoding = 4; lastKnownFileType = sourcecode.c.h; path = MenuViewController.h; sourceTree = "<group>"; };
		DC0DB08F17A42DD1006CC531 /* MenuViewController.m */ = {isa = PBXFileReference; fileEncoding = 4; lastKnownFileType = sourcecode.c.objc; path = MenuViewController.m; sourceTree = "<group>"; };
		DC0DB09117A42E0F006CC531 /* Reachability.h */ = {isa = PBXFileReference; fileEncoding = 4; lastKnownFileType = sourcecode.c.h; path = Reachability.h; sourceTree = "<group>"; };
		DC0DB09217A42E0F006CC531 /* Reachability.m */ = {isa = PBXFileReference; fileEncoding = 4; lastKnownFileType = sourcecode.c.objc; path = Reachability.m; sourceTree = "<group>"; };
		DC0DB09517A4373A006CC531 /* FacebookSDK.framework */ = {isa = PBXFileReference; lastKnownFileType = wrapper.framework; path = FacebookSDK.framework; sourceTree = "<group>"; };
		DC0DB09717A44084006CC531 /* ContentViewController.h */ = {isa = PBXFileReference; fileEncoding = 4; lastKnownFileType = sourcecode.c.h; path = ContentViewController.h; sourceTree = "<group>"; };
		DC0DB09817A44084006CC531 /* ContentViewController.m */ = {isa = PBXFileReference; fileEncoding = 4; lastKnownFileType = sourcecode.c.objc; path = ContentViewController.m; sourceTree = "<group>"; };
		DC0DB09A17A44DEE006CC531 /* Content.h */ = {isa = PBXFileReference; fileEncoding = 4; lastKnownFileType = sourcecode.c.h; path = Content.h; sourceTree = "<group>"; };
		DC0DB09B17A44DEE006CC531 /* Content.m */ = {isa = PBXFileReference; fileEncoding = 4; lastKnownFileType = sourcecode.c.objc; path = Content.m; sourceTree = "<group>"; };
		DC0DB09D17A455F2006CC531 /* MyContent.sqlite */ = {isa = PBXFileReference; lastKnownFileType = file; path = MyContent.sqlite; sourceTree = "<group>"; };
		DC19A08F17A5C11500BC784C /* hiddin_nav@2x.png */ = {isa = PBXFileReference; lastKnownFileType = image.png; path = "hiddin_nav@2x.png"; sourceTree = "<group>"; };
		DC1C9DE617AC34D30067F63D /* hiddin_text_horizontal@2x.png */ = {isa = PBXFileReference; lastKnownFileType = image.png; path = "hiddin_text_horizontal@2x.png"; sourceTree = "<group>"; };
		DC1C9DE817AC48EB0067F63D /* hiddin_facebook_login@2x.png */ = {isa = PBXFileReference; lastKnownFileType = image.png; path = "hiddin_facebook_login@2x.png"; sourceTree = "<group>"; };
		DC1C9DE917AC48EB0067F63D /* hiddin_twitter_login@2x.png */ = {isa = PBXFileReference; lastKnownFileType = image.png; path = "hiddin_twitter_login@2x.png"; sourceTree = "<group>"; };
		DC1C9DEC17AC599B0067F63D /* Twitter.framework */ = {isa = PBXFileReference; lastKnownFileType = wrapper.framework; name = Twitter.framework; path = System/Library/Frameworks/Twitter.framework; sourceTree = SDKROOT; };
		DC1C9DEE17AC62800067F63D /* TDBadgedCell.h */ = {isa = PBXFileReference; fileEncoding = 4; lastKnownFileType = sourcecode.c.h; path = TDBadgedCell.h; sourceTree = "<group>"; };
		DC1C9DEF17AC62800067F63D /* TDBadgedCell.m */ = {isa = PBXFileReference; fileEncoding = 4; lastKnownFileType = sourcecode.c.objc; path = TDBadgedCell.m; sourceTree = "<group>"; };
		DC1C9DF117AC66380067F63D /* hiddin_left_keep@2x.png */ = {isa = PBXFileReference; lastKnownFileType = image.png; path = "hiddin_left_keep@2x.png"; sourceTree = "<group>"; };
		DC1C9DF217AC66380067F63D /* hiddin_left_later@2x.png */ = {isa = PBXFileReference; lastKnownFileType = image.png; path = "hiddin_left_later@2x.png"; sourceTree = "<group>"; };
		DC1C9DF517AC6B450067F63D /* hiddin_nav_refresh@2x.png */ = {isa = PBXFileReference; lastKnownFileType = image.png; path = "hiddin_nav_refresh@2x.png"; sourceTree = "<group>"; };
		DC2530DB17A4D94C0048D5B4 /* MessageUI.framework */ = {isa = PBXFileReference; lastKnownFileType = wrapper.framework; name = MessageUI.framework; path = System/Library/Frameworks/MessageUI.framework; sourceTree = SDKROOT; };
		DC2530DD17A4DB390048D5B4 /* MTPopupWindow.h */ = {isa = PBXFileReference; fileEncoding = 4; lastKnownFileType = sourcecode.c.h; path = MTPopupWindow.h; sourceTree = "<group>"; };
		DC2530DE17A4DB390048D5B4 /* MTPopupWindow.m */ = {isa = PBXFileReference; fileEncoding = 4; lastKnownFileType = sourcecode.c.objc; path = MTPopupWindow.m; sourceTree = "<group>"; };
		DC2530E017A4FB760048D5B4 /* LeftViewController.h */ = {isa = PBXFileReference; fileEncoding = 4; lastKnownFileType = sourcecode.c.h; path = LeftViewController.h; sourceTree = "<group>"; };
		DC2530E117A4FB760048D5B4 /* LeftViewController.m */ = {isa = PBXFileReference; fileEncoding = 4; lastKnownFileType = sourcecode.c.objc; path = LeftViewController.m; sourceTree = "<group>"; };
		DC2530E417A4FEDD0048D5B4 /* hiddin_left_twitter@2x.png */ = {isa = PBXFileReference; lastKnownFileType = image.png; path = "hiddin_left_twitter@2x.png"; sourceTree = "<group>"; };
		DC2530E517A4FEDD0048D5B4 /* hiddin_left_facebook@2x.png */ = {isa = PBXFileReference; lastKnownFileType = image.png; path = "hiddin_left_facebook@2x.png"; sourceTree = "<group>"; };
		DC264B3117A47EB1008973D7 /* hiddin_later_A@2x.png */ = {isa = PBXFileReference; lastKnownFileType = image.png; path = "hiddin_later_A@2x.png"; sourceTree = "<group>"; };
		DC264B3217A47EB1008973D7 /* hiddin_later_B@2x.png */ = {isa = PBXFileReference; lastKnownFileType = image.png; path = "hiddin_later_B@2x.png"; sourceTree = "<group>"; };
		DC264B3317A47EB1008973D7 /* hiddin_delete_A@2x.png */ = {isa = PBXFileReference; lastKnownFileType = image.png; path = "hiddin_delete_A@2x.png"; sourceTree = "<group>"; };
		DC264B3417A47EB1008973D7 /* hiddin_delete_B@2x.png */ = {isa = PBXFileReference; lastKnownFileType = image.png; path = "hiddin_delete_B@2x.png"; sourceTree = "<group>"; };
		DC264B3517A47EB1008973D7 /* hiddin_keep_A@2x.png */ = {isa = PBXFileReference; lastKnownFileType = image.png; path = "hiddin_keep_A@2x.png"; sourceTree = "<group>"; };
		DC264B3617A47EB1008973D7 /* hiddin_keep_B@2x.png */ = {isa = PBXFileReference; lastKnownFileType = image.png; path = "hiddin_keep_B@2x.png"; sourceTree = "<group>"; };
		DC264B4017A481EF008973D7 /* hiddin_right_A@2x.png */ = {isa = PBXFileReference; lastKnownFileType = image.png; path = "hiddin_right_A@2x.png"; sourceTree = "<group>"; };
		DC264B4117A481EF008973D7 /* hiddin_right_B@2x.png */ = {isa = PBXFileReference; lastKnownFileType = image.png; path = "hiddin_right_B@2x.png"; sourceTree = "<group>"; };
		DC264B4217A481EF008973D7 /* hiddin_left_B@2x.png */ = {isa = PBXFileReference; lastKnownFileType = image.png; path = "hiddin_left_B@2x.png"; sourceTree = "<group>"; };
		DC264B4317A481EF008973D7 /* hiddin_left_A@2x.png */ = {isa = PBXFileReference; lastKnownFileType = image.png; path = "hiddin_left_A@2x.png"; sourceTree = "<group>"; };
		DC37FF3B17ADD3A400A6C056 /* hiddin_splash@2x.png */ = {isa = PBXFileReference; lastKnownFileType = image.png; path = "hiddin_splash@2x.png"; sourceTree = "<group>"; };
		DC37FF3D17ADD66F00A6C056 /* IntroViewController.h */ = {isa = PBXFileReference; fileEncoding = 4; lastKnownFileType = sourcecode.c.h; name = IntroViewController.h; path = ../IntroViewController.h; sourceTree = "<group>"; };
		DC37FF3E17ADD66F00A6C056 /* IntroViewController.m */ = {isa = PBXFileReference; fileEncoding = 4; lastKnownFileType = sourcecode.c.objc; name = IntroViewController.m; path = ../IntroViewController.m; sourceTree = "<group>"; };
		DC37FF4017ADDAA700A6C056 /* hiddin_getstarted@2x.png */ = {isa = PBXFileReference; lastKnownFileType = image.png; path = "hiddin_getstarted@2x.png"; sourceTree = "<group>"; };
		DC37FF4217ADDCF500A6C056 /* hiddin_tweets@2x.png */ = {isa = PBXFileReference; lastKnownFileType = image.png; path = "hiddin_tweets@2x.png"; sourceTree = "<group>"; };
		DC37FF4317ADDCF500A6C056 /* hiddin_photos@2x.png */ = {isa = PBXFileReference; lastKnownFileType = image.png; path = "hiddin_photos@2x.png"; sourceTree = "<group>"; };
		DC37FF4617ADE8F300A6C056 /* hiddin_wireframe@2x.png */ = {isa = PBXFileReference; lastKnownFileType = image.png; path = "hiddin_wireframe@2x.png"; sourceTree = "<group>"; };
		DC37FF4817AE431F00A6C056 /* hiddin_photo_3@2x.png */ = {isa = PBXFileReference; lastKnownFileType = image.png; path = "hiddin_photo_3@2x.png"; sourceTree = "<group>"; };
		DC37FF4917AE431F00A6C056 /* hiddin_photo_2@2x.png */ = {isa = PBXFileReference; lastKnownFileType = image.png; path = "hiddin_photo_2@2x.png"; sourceTree = "<group>"; };
		DC37FF4A17AE431F00A6C056 /* hiddin_photo_1@2x.png */ = {isa = PBXFileReference; lastKnownFileType = image.png; path = "hiddin_photo_1@2x.png"; sourceTree = "<group>"; };
		DC37FF4B17AE431F00A6C056 /* hiddin_finger@2x.png */ = {isa = PBXFileReference; lastKnownFileType = image.png; path = "hiddin_finger@2x.png"; sourceTree = "<group>"; };
		DC37FF5017AE48CE00A6C056 /* hiddin_photo_4@2x.png */ = {isa = PBXFileReference; lastKnownFileType = image.png; path = "hiddin_photo_4@2x.png"; sourceTree = "<group>"; };
		DC37FF5417AE4ABC00A6C056 /* hiddin_photo_5@2x.png */ = {isa = PBXFileReference; lastKnownFileType = image.png; path = "hiddin_photo_5@2x.png"; sourceTree = "<group>"; };
		DC37FF5617AE4C7C00A6C056 /* hiddin_continue@2x.png */ = {isa = PBXFileReference; lastKnownFileType = image.png; path = "hiddin_continue@2x.png"; sourceTree = "<group>"; };
		DC37FF5817AE4F0700A6C056 /* hiddin_left_help@2x.png */ = {isa = PBXFileReference; lastKnownFileType = image.png; path = "hiddin_left_help@2x.png"; sourceTree = "<group>"; };
		DC37FF5A17AEC44000A6C056 /* hiddin_arrow_yellow@2x.png */ = {isa = PBXFileReference; lastKnownFileType = image.png; path = "hiddin_arrow_yellow@2x.png"; sourceTree = "<group>"; };
		DC37FF5B17AEC44000A6C056 /* hiddin_arrow_red@2x.png */ = {isa = PBXFileReference; lastKnownFileType = image.png; path = "hiddin_arrow_red@2x.png"; sourceTree = "<group>"; };
		DC37FF5C17AEC44000A6C056 /* hiddin_arrow_green@2x.png */ = {isa = PBXFileReference; lastKnownFileType = image.png; path = "hiddin_arrow_green@2x.png"; sourceTree = "<group>"; };
		DC37FF6017AEC82300A6C056 /* UIView+Badge.h */ = {isa = PBXFileReference; fileEncoding = 4; lastKnownFileType = sourcecode.c.h; path = "UIView+Badge.h"; sourceTree = "<group>"; };
		DC37FF6117AEC82300A6C056 /* UIView+Badge.m */ = {isa = PBXFileReference; fileEncoding = 4; lastKnownFileType = sourcecode.c.objc; path = "UIView+Badge.m"; sourceTree = "<group>"; };
		DC3872D217AB44AD00C9C01B /* hiddin_save_A@2x.png */ = {isa = PBXFileReference; lastKnownFileType = image.png; path = "hiddin_save_A@2x.png"; sourceTree = "<group>"; };
		DC3872D317AB44AD00C9C01B /* hiddin_save_B@2x.png */ = {isa = PBXFileReference; lastKnownFileType = image.png; path = "hiddin_save_B@2x.png"; sourceTree = "<group>"; };
		DC3872D617AB47D900C9C01B /* SVProgressHUD.h */ = {isa = PBXFileReference; fileEncoding = 4; lastKnownFileType = sourcecode.c.h; path = SVProgressHUD.h; sourceTree = "<group>"; };
		DC3872D717AB47D900C9C01B /* SVProgressHUD.m */ = {isa = PBXFileReference; fileEncoding = 4; lastKnownFileType = sourcecode.c.objc; path = SVProgressHUD.m; sourceTree = "<group>"; };
		DC3872D817AB47D900C9C01B /* SVProgressHUD.bundle */ = {isa = PBXFileReference; lastKnownFileType = "wrapper.plug-in"; path = SVProgressHUD.bundle; sourceTree = "<group>"; };
		DCA510E217D6C0BE00286F66 /* DoneViewController.h */ = {isa = PBXFileReference; fileEncoding = 4; lastKnownFileType = sourcecode.c.h; path = DoneViewController.h; sourceTree = "<group>"; };
		DCA510E317D6C0BE00286F66 /* DoneViewController.m */ = {isa = PBXFileReference; fileEncoding = 4; lastKnownFileType = sourcecode.c.objc; path = DoneViewController.m; sourceTree = "<group>"; };
		DCA510E517D6C70300286F66 /* done@2x.png */ = {isa = PBXFileReference; lastKnownFileType = image.png; path = "done@2x.png"; sourceTree = "<group>"; };
		DCA510E717D6C8BE00286F66 /* hiddin_done_twitter@2x.png */ = {isa = PBXFileReference; lastKnownFileType = image.png; path = "hiddin_done_twitter@2x.png"; sourceTree = "<group>"; };
		DCA510E917D6DE4800286F66 /* hiddin_twitter_error@2x.png */ = {isa = PBXFileReference; lastKnownFileType = image.png; path = "hiddin_twitter_error@2x.png"; sourceTree = "<group>"; };
		DCA510EB17D6DE5F00286F66 /* ErrorViewController.h */ = {isa = PBXFileReference; fileEncoding = 4; lastKnownFileType = sourcecode.c.h; path = ErrorViewController.h; sourceTree = "<group>"; };
		DCA510EC17D6DE5F00286F66 /* ErrorViewController.m */ = {isa = PBXFileReference; fileEncoding = 4; lastKnownFileType = sourcecode.c.objc; path = ErrorViewController.m; sourceTree = "<group>"; };
		DCA510EE17D6DF5300286F66 /* hiddin_error_tryagain@2x.png */ = {isa = PBXFileReference; lastKnownFileType = image.png; path = "hiddin_error_tryagain@2x.png"; sourceTree = "<group>"; };
		DCA510F717D77A7B00286F66 /* WETouchableView.h */ = {isa = PBXFileReference; fileEncoding = 4; lastKnownFileType = sourcecode.c.h; path = WETouchableView.h; sourceTree = "<group>"; };
		DCA510F817D77A7B00286F66 /* WETouchableView.m */ = {isa = PBXFileReference; fileEncoding = 4; lastKnownFileType = sourcecode.c.objc; path = WETouchableView.m; sourceTree = "<group>"; };
		DCA510F917D77A7B00286F66 /* WEPopoverContainerView.h */ = {isa = PBXFileReference; fileEncoding = 4; lastKnownFileType = sourcecode.c.h; path = WEPopoverContainerView.h; sourceTree = "<group>"; };
		DCA510FA17D77A7B00286F66 /* WEPopoverContainerView.m */ = {isa = PBXFileReference; fileEncoding = 4; lastKnownFileType = sourcecode.c.objc; path = WEPopoverContainerView.m; sourceTree = "<group>"; };
		DCA510FB17D77A7B00286F66 /* WEPopoverController.h */ = {isa = PBXFileReference; fileEncoding = 4; lastKnownFileType = sourcecode.c.h; path = WEPopoverController.h; sourceTree = "<group>"; };
		DCA510FC17D77A7B00286F66 /* WEPopoverController.m */ = {isa = PBXFileReference; fileEncoding = 4; lastKnownFileType = sourcecode.c.objc; path = WEPopoverController.m; sourceTree = "<group>"; };
		DCA510FD17D77A7B00286F66 /* WEPopoverParentView.h */ = {isa = PBXFileReference; fileEncoding = 4; lastKnownFileType = sourcecode.c.h; path = WEPopoverParentView.h; sourceTree = "<group>"; };
		DCA510FE17D77A7B00286F66 /* UIBarButtonItem+WEPopover.h */ = {isa = PBXFileReference; fileEncoding = 4; lastKnownFileType = sourcecode.c.h; path = "UIBarButtonItem+WEPopover.h"; sourceTree = "<group>"; };
		DCA510FF17D77A7B00286F66 /* UIBarButtonItem+WEPopover.m */ = {isa = PBXFileReference; fileEncoding = 4; lastKnownFileType = sourcecode.c.objc; path = "UIBarButtonItem+WEPopover.m"; sourceTree = "<group>"; };
		DCA5110417D77AC000286F66 /* WEPopoverContentViewController.h */ = {isa = PBXFileReference; fileEncoding = 4; lastKnownFileType = sourcecode.c.h; path = WEPopoverContentViewController.h; sourceTree = "<group>"; };
		DCA5110517D77AC000286F66 /* WEPopoverContentViewController.m */ = {isa = PBXFileReference; fileEncoding = 4; lastKnownFileType = sourcecode.c.objc; path = WEPopoverContentViewController.m; sourceTree = "<group>"; };
		DCA5110717D77DB600286F66 /* popoverArrowDown.png */ = {isa = PBXFileReference; lastKnownFileType = image.png; path = popoverArrowDown.png; sourceTree = "<group>"; };
		DCA5110817D77DB600286F66 /* popoverArrowDown@2x.png */ = {isa = PBXFileReference; lastKnownFileType = image.png; path = "popoverArrowDown@2x.png"; sourceTree = "<group>"; };
		DCA5110917D77DB600286F66 /* popoverArrowDownSimple.png */ = {isa = PBXFileReference; lastKnownFileType = image.png; path = popoverArrowDownSimple.png; sourceTree = "<group>"; };
		DCA5110A17D77DB600286F66 /* popoverArrowLeft.png */ = {isa = PBXFileReference; lastKnownFileType = image.png; path = popoverArrowLeft.png; sourceTree = "<group>"; };
		DCA5110B17D77DB600286F66 /* popoverArrowLeft@2x.png */ = {isa = PBXFileReference; lastKnownFileType = image.png; path = "popoverArrowLeft@2x.png"; sourceTree = "<group>"; };
		DCA5110C17D77DB600286F66 /* popoverArrowLeftSimple.png */ = {isa = PBXFileReference; lastKnownFileType = image.png; path = popoverArrowLeftSimple.png; sourceTree = "<group>"; };
		DCA5110D17D77DB600286F66 /* popoverArrowRight.png */ = {isa = PBXFileReference; lastKnownFileType = image.png; path = popoverArrowRight.png; sourceTree = "<group>"; };
		DCA5110E17D77DB600286F66 /* popoverArrowRight@2x.png */ = {isa = PBXFileReference; lastKnownFileType = image.png; path = "popoverArrowRight@2x.png"; sourceTree = "<group>"; };
		DCA5110F17D77DB600286F66 /* popoverArrowRightSimple.png */ = {isa = PBXFileReference; lastKnownFileType = image.png; path = popoverArrowRightSimple.png; sourceTree = "<group>"; };
		DCA5111017D77DB600286F66 /* popoverArrowUp.png */ = {isa = PBXFileReference; lastKnownFileType = image.png; path = popoverArrowUp.png; sourceTree = "<group>"; };
		DCA5111117D77DB600286F66 /* popoverArrowUp@2x.png */ = {isa = PBXFileReference; lastKnownFileType = image.png; path = "popoverArrowUp@2x.png"; sourceTree = "<group>"; };
		DCA5111217D77DB600286F66 /* popoverArrowUpSimple.png */ = {isa = PBXFileReference; lastKnownFileType = image.png; path = popoverArrowUpSimple.png; sourceTree = "<group>"; };
		DCA5111317D77DB600286F66 /* popoverBg.png */ = {isa = PBXFileReference; lastKnownFileType = image.png; path = popoverBg.png; sourceTree = "<group>"; };
		DCA5111417D77DB600286F66 /* popoverBg@2x.png */ = {isa = PBXFileReference; lastKnownFileType = image.png; path = "popoverBg@2x.png"; sourceTree = "<group>"; };
		DCA5111517D77DB600286F66 /* popoverBgSimple.png */ = {isa = PBXFileReference; lastKnownFileType = image.png; path = popoverBgSimple.png; sourceTree = "<group>"; };
		DCCC9D3917EFDAD200FC299F /* Default-568h@2x.png */ = {isa = PBXFileReference; lastKnownFileType = image.png; path = "Default-568h@2x.png"; sourceTree = "<group>"; };
		DCCC9D3B17EFDB1D00FC299F /* Default@2x.png */ = {isa = PBXFileReference; lastKnownFileType = image.png; path = "Default@2x.png"; sourceTree = "<group>"; };
		DCCC9D3D17EFDE0200FC299F /* Default.png */ = {isa = PBXFileReference; lastKnownFileType = image.png; path = Default.png; sourceTree = "<group>"; };
		DCF0C8A117B00DA90008AA20 /* BannerViewController.h */ = {isa = PBXFileReference; fileEncoding = 4; lastKnownFileType = sourcecode.c.h; path = BannerViewController.h; sourceTree = "<group>"; };
		DCF0C8A217B00DA90008AA20 /* BannerViewController.m */ = {isa = PBXFileReference; fileEncoding = 4; lastKnownFileType = sourcecode.c.objc; path = BannerViewController.m; sourceTree = "<group>"; };
		DCF0C8A417B00DBE0008AA20 /* iAd.framework */ = {isa = PBXFileReference; lastKnownFileType = wrapper.framework; name = iAd.framework; path = System/Library/Frameworks/iAd.framework; sourceTree = SDKROOT; };
		DCF0C8AB17B04D930008AA20 /* hiddin_left_retweet@2x.png */ = {isa = PBXFileReference; lastKnownFileType = image.png; path = "hiddin_left_retweet@2x.png"; sourceTree = "<group>"; };
		DCF9E12817A9725C00377705 /* JZSwipeCell.h */ = {isa = PBXFileReference; fileEncoding = 4; lastKnownFileType = sourcecode.c.h; path = JZSwipeCell.h; sourceTree = "<group>"; };
		DCF9E12917A9725C00377705 /* JZSwipeCell.m */ = {isa = PBXFileReference; fileEncoding = 4; lastKnownFileType = sourcecode.c.objc; path = JZSwipeCell.m; sourceTree = "<group>"; };
		DCF9E12B17A9729200377705 /* ExampleCell.h */ = {isa = PBXFileReference; fileEncoding = 4; lastKnownFileType = sourcecode.c.h; path = ExampleCell.h; sourceTree = "<group>"; };
		DCF9E12C17A9729200377705 /* ExampleCell.m */ = {isa = PBXFileReference; fileEncoding = 4; lastKnownFileType = sourcecode.c.objc; path = ExampleCell.m; sourceTree = "<group>"; };
		DCF9E12F17A9C1CE00377705 /* hiddin_keep_C@2x.png */ = {isa = PBXFileReference; lastKnownFileType = image.png; path = "hiddin_keep_C@2x.png"; sourceTree = "<group>"; };
		DCF9E13017A9C1CE00377705 /* hiddin_delete_C@2x.png */ = {isa = PBXFileReference; lastKnownFileType = image.png; path = "hiddin_delete_C@2x.png"; sourceTree = "<group>"; };
		DCF9E13117A9C1CE00377705 /* hiddin_later_C@2x.png */ = {isa = PBXFileReference; lastKnownFileType = image.png; path = "hiddin_later_C@2x.png"; sourceTree = "<group>"; };
		DCF9E13717A9CBC100377705 /* hiddin_left_reload@2x.png */ = {isa = PBXFileReference; lastKnownFileType = image.png; path = "hiddin_left_reload@2x.png"; sourceTree = "<group>"; };
/* End PBXFileReference section */

/* Begin PBXFrameworksBuildPhase section */
		DC0DB02317A42A32006CC531 /* Frameworks */ = {
			isa = PBXFrameworksBuildPhase;
			buildActionMask = 2147483647;
			files = (
				DC0DB06A17A42BC7006CC531 /* Accounts.framework in Frameworks */,
				DC0DB06E17A42BDF006CC531 /* AdSupport.framework in Frameworks */,
				DC0DB07017A42BE4006CC531 /* CFNetwork.framework in Frameworks */,
				DC0DB02C17A42A32006CC531 /* CoreGraphics.framework in Frameworks */,
				DC0DB09617A4373A006CC531 /* FacebookSDK.framework in Frameworks */,
				DC0DB02A17A42A32006CC531 /* Foundation.framework in Frameworks */,
				DCF0C8A517B00DBE0008AA20 /* iAd.framework in Frameworks */,
				DC0DB06217A42B67006CC531 /* libsqlite3.dylib in Frameworks */,
				DC0DB07217A42BEC006CC531 /* libz.dylib in Frameworks */,
				DC2530DC17A4D94C0048D5B4 /* MessageUI.framework in Frameworks */,
				DC0DB07417A42BF5006CC531 /* MobileCoreServices.framework in Frameworks */,
				DC0DB07817A42C03006CC531 /* QuartzCore.framework in Frameworks */,
				DC0DB07617A42BFD006CC531 /* Security.framework in Frameworks */,
				DC0DB06C17A42BD4006CC531 /* Social.framework in Frameworks */,
				DC0DB07A17A42C36006CC531 /* SystemConfiguration.framework in Frameworks */,
				DC1C9DED17AC599B0067F63D /* Twitter.framework in Frameworks */,
				DC0DB02E17A42A32006CC531 /* UIKit.framework in Frameworks */,
			);
			runOnlyForDeploymentPostprocessing = 0;
		};
		DC0DB04717A42A32006CC531 /* Frameworks */ = {
			isa = PBXFrameworksBuildPhase;
			buildActionMask = 2147483647;
			files = (
				DC0DB04C17A42A32006CC531 /* XCTest.framework in Frameworks */,
				DC0DB04E17A42A32006CC531 /* UIKit.framework in Frameworks */,
				DC0DB04D17A42A32006CC531 /* Foundation.framework in Frameworks */,
			);
			runOnlyForDeploymentPostprocessing = 0;
		};
/* End PBXFrameworksBuildPhase section */

/* Begin PBXGroup section */
		DC0DB01D17A42A32006CC531 = {
			isa = PBXGroup;
			children = (
				DCCC9D3D17EFDE0200FC299F /* Default.png */,
				DCCC9D3B17EFDB1D00FC299F /* Default@2x.png */,
				DCCC9D3917EFDAD200FC299F /* Default-568h@2x.png */,
				DC0DB08D17A42DBA006CC531 /* Libraries */,
				DC264B3D17A47EB6008973D7 /* Images */,
				DC0DB02F17A42A32006CC531 /* Hiddin */,
				DC0DB02817A42A32006CC531 /* Frameworks */,
				DC0DB05117A42A32006CC531 /* HiddinTests */,
				DC0DB02717A42A32006CC531 /* Products */,
			);
			sourceTree = "<group>";
		};
		DC0DB02717A42A32006CC531 /* Products */ = {
			isa = PBXGroup;
			children = (
				DC0DB02617A42A32006CC531 /* Hiddin.app */,
				DC0DB04A17A42A32006CC531 /* HiddinTests.xctest */,
			);
			name = Products;
			sourceTree = "<group>";
		};
		DC0DB02817A42A32006CC531 /* Frameworks */ = {
			isa = PBXGroup;
			children = (
				DCF0C8A417B00DBE0008AA20 /* iAd.framework */,
				DC1C9DEC17AC599B0067F63D /* Twitter.framework */,
				DC2530DB17A4D94C0048D5B4 /* MessageUI.framework */,
				DC0DB09517A4373A006CC531 /* FacebookSDK.framework */,
				DC0DB07917A42C36006CC531 /* SystemConfiguration.framework */,
				DC0DB07717A42C03006CC531 /* QuartzCore.framework */,
				DC0DB07517A42BFD006CC531 /* Security.framework */,
				DC0DB07317A42BF5006CC531 /* MobileCoreServices.framework */,
				DC0DB07117A42BEC006CC531 /* libz.dylib */,
				DC0DB06F17A42BE4006CC531 /* CFNetwork.framework */,
				DC0DB06D17A42BDF006CC531 /* AdSupport.framework */,
				DC0DB06B17A42BD4006CC531 /* Social.framework */,
				DC0DB06917A42BC7006CC531 /* Accounts.framework */,
				DC0DB06117A42B66006CC531 /* libsqlite3.dylib */,
				DC0DB02917A42A32006CC531 /* Foundation.framework */,
				DC0DB02B17A42A32006CC531 /* CoreGraphics.framework */,
				DC0DB02D17A42A32006CC531 /* UIKit.framework */,
				DC0DB04B17A42A32006CC531 /* XCTest.framework */,
			);
			name = Frameworks;
			sourceTree = "<group>";
		};
		DC0DB02F17A42A32006CC531 /* Hiddin */ = {
			isa = PBXGroup;
			children = (
				DC0DB03B17A42A32006CC531 /* Main_iPhone.storyboard */,
				DC0DB03E17A42A32006CC531 /* Main_iPad.storyboard */,
				DC0DB03817A42A32006CC531 /* AppDelegate.h */,
				DC0DB03917A42A32006CC531 /* AppDelegate.m */,
				DC0DB08E17A42DD1006CC531 /* MenuViewController.h */,
				DC0DB08F17A42DD1006CC531 /* MenuViewController.m */,
				DCA5110417D77AC000286F66 /* WEPopoverContentViewController.h */,
				DCA5110517D77AC000286F66 /* WEPopoverContentViewController.m */,
				DC0DB08317A42D60006CC531 /* SplashViewController.h */,
				DC0DB08417A42D60006CC531 /* SplashViewController.m */,
				DC37FF3D17ADD66F00A6C056 /* IntroViewController.h */,
				DC37FF3E17ADD66F00A6C056 /* IntroViewController.m */,
				DC2530E017A4FB760048D5B4 /* LeftViewController.h */,
				DC2530E117A4FB760048D5B4 /* LeftViewController.m */,
				DCF0C8A117B00DA90008AA20 /* BannerViewController.h */,
				DCF0C8A217B00DA90008AA20 /* BannerViewController.m */,
				DC0DB09717A44084006CC531 /* ContentViewController.h */,
				DC0DB09817A44084006CC531 /* ContentViewController.m */,
				DC07689817A8A1EF0000344D /* ContentTableViewController.h */,
				DC07689917A8A1EF0000344D /* ContentTableViewController.m */,
				DCA510E217D6C0BE00286F66 /* DoneViewController.h */,
				DCA510E317D6C0BE00286F66 /* DoneViewController.m */,
				DCA510EB17D6DE5F00286F66 /* ErrorViewController.h */,
				DCA510EC17D6DE5F00286F66 /* ErrorViewController.m */,
				DCF9E12B17A9729200377705 /* ExampleCell.h */,
				DCF9E12C17A9729200377705 /* ExampleCell.m */,
				DC07689117A876AD0000344D /* AsynchImageView.h */,
				DC07689217A876AD0000344D /* AsynchImageView.m */,
				DC07689317A876AD0000344D /* GetImageOperation.h */,
				DC07689417A876AD0000344D /* GetImageOperation.m */,
				DC0DB09A17A44DEE006CC531 /* Content.h */,
				DC0DB09B17A44DEE006CC531 /* Content.m */,
				DC0DB04417A42A32006CC531 /* Images.xcassets */,
				DC0DB03017A42A32006CC531 /* Supporting Files */,
			);
			path = Hiddin;
			sourceTree = "<group>";
		};
		DC0DB03017A42A32006CC531 /* Supporting Files */ = {
			isa = PBXGroup;
			children = (
				DC0DB09D17A455F2006CC531 /* MyContent.sqlite */,
				DC0DB06517A42BB6006CC531 /* FacebookSDKResources.bundle */,
				DC0DB06617A42BB6006CC531 /* FBUserSettingsViewResources.bundle */,
				DC0DB03117A42A32006CC531 /* Hiddin-Info.plist */,
				DC0DB03217A42A32006CC531 /* InfoPlist.strings */,
				DC0DB03517A42A32006CC531 /* main.m */,
				DC0DB03717A42A32006CC531 /* Hiddin-Prefix.pch */,
			);
			name = "Supporting Files";
			sourceTree = "<group>";
		};
		DC0DB05117A42A32006CC531 /* HiddinTests */ = {
			isa = PBXGroup;
			children = (
				DC0DB05717A42A32006CC531 /* HiddinTests.m */,
				DC0DB05217A42A32006CC531 /* Supporting Files */,
			);
			path = HiddinTests;
			sourceTree = "<group>";
		};
		DC0DB05217A42A32006CC531 /* Supporting Files */ = {
			isa = PBXGroup;
			children = (
				DC0DB05317A42A32006CC531 /* HiddinTests-Info.plist */,
				DC0DB05417A42A32006CC531 /* InfoPlist.strings */,
			);
			name = "Supporting Files";
			sourceTree = "<group>";
		};
		DC0DB08C17A42DB3006CC531 /* JASidePanels */ = {
			isa = PBXGroup;
			children = (
				DC0DB08617A42DAF006CC531 /* JASidePanelController.h */,
				DC0DB08717A42DAF006CC531 /* JASidePanelController.m */,
				DC0DB08817A42DAF006CC531 /* UIViewController+JASidePanel.h */,
				DC0DB08917A42DAF006CC531 /* UIViewController+JASidePanel.m */,
			);
			name = JASidePanels;
			sourceTree = "<group>";
		};
		DC0DB08D17A42DBA006CC531 /* Libraries */ = {
			isa = PBXGroup;
			children = (
				DCA510F717D77A7B00286F66 /* WETouchableView.h */,
				DCA510F817D77A7B00286F66 /* WETouchableView.m */,
				DCA510F917D77A7B00286F66 /* WEPopoverContainerView.h */,
				DCA510FA17D77A7B00286F66 /* WEPopoverContainerView.m */,
				DCA510FB17D77A7B00286F66 /* WEPopoverController.h */,
				DCA510FC17D77A7B00286F66 /* WEPopoverController.m */,
				DCA510FD17D77A7B00286F66 /* WEPopoverParentView.h */,
				DCA510FE17D77A7B00286F66 /* UIBarButtonItem+WEPopover.h */,
				DCA510FF17D77A7B00286F66 /* UIBarButtonItem+WEPopover.m */,
				DC37FF6017AEC82300A6C056 /* UIView+Badge.h */,
				DC37FF6117AEC82300A6C056 /* UIView+Badge.m */,
				DC0DB08C17A42DB3006CC531 /* JASidePanels */,
				DC1C9E1A17AC88B60067F63D /* MTPopupWindow */,
				DC0DB09417A42E12006CC531 /* Reachability */,
				DC3872DB17AB47E200C9C01B /* SVProgressHUD */,
				DC1C9E1917AC88AA0067F63D /* TableViewCell */,
			);
			name = Libraries;
			sourceTree = "<group>";
		};
		DC0DB09417A42E12006CC531 /* Reachability */ = {
			isa = PBXGroup;
			children = (
				DC0DB09117A42E0F006CC531 /* Reachability.h */,
				DC0DB09217A42E0F006CC531 /* Reachability.m */,
			);
			name = Reachability;
			sourceTree = "<group>";
		};
		DC1C9E1917AC88AA0067F63D /* TableViewCell */ = {
			isa = PBXGroup;
			children = (
				DC1C9DEE17AC62800067F63D /* TDBadgedCell.h */,
				DC1C9DEF17AC62800067F63D /* TDBadgedCell.m */,
				DCF9E12817A9725C00377705 /* JZSwipeCell.h */,
				DCF9E12917A9725C00377705 /* JZSwipeCell.m */,
			);
			name = TableViewCell;
			sourceTree = "<group>";
		};
		DC1C9E1A17AC88B60067F63D /* MTPopupWindow */ = {
			isa = PBXGroup;
			children = (
				DC2530DD17A4DB390048D5B4 /* MTPopupWindow.h */,
				DC2530DE17A4DB390048D5B4 /* MTPopupWindow.m */,
			);
			name = MTPopupWindow;
			sourceTree = "<group>";
		};
		DC1C9E1B17AC88E70067F63D /* Content Action Icons */ = {
			isa = PBXGroup;
			children = (
				DCF9E12F17A9C1CE00377705 /* hiddin_keep_C@2x.png */,
				DCF9E13017A9C1CE00377705 /* hiddin_delete_C@2x.png */,
				DCF9E13117A9C1CE00377705 /* hiddin_later_C@2x.png */,
				DC264B3317A47EB1008973D7 /* hiddin_delete_A@2x.png */,
				DC264B3417A47EB1008973D7 /* hiddin_delete_B@2x.png */,
				DC264B3117A47EB1008973D7 /* hiddin_later_A@2x.png */,
				DC264B3217A47EB1008973D7 /* hiddin_later_B@2x.png */,
				DC264B3517A47EB1008973D7 /* hiddin_keep_A@2x.png */,
				DC264B3617A47EB1008973D7 /* hiddin_keep_B@2x.png */,
				DC264B4317A481EF008973D7 /* hiddin_left_A@2x.png */,
				DC264B4217A481EF008973D7 /* hiddin_left_B@2x.png */,
				DC3872D217AB44AD00C9C01B /* hiddin_save_A@2x.png */,
				DC3872D317AB44AD00C9C01B /* hiddin_save_B@2x.png */,
				DC264B4017A481EF008973D7 /* hiddin_right_A@2x.png */,
				DC264B4117A481EF008973D7 /* hiddin_right_B@2x.png */,
			);
			name = "Content Action Icons";
			sourceTree = "<group>";
		};
		DC1C9E1C17AC89090067F63D /* Left Menu Icons */ = {
			isa = PBXGroup;
			children = (
				DC1C9DF117AC66380067F63D /* hiddin_left_keep@2x.png */,
				DC1C9DF217AC66380067F63D /* hiddin_left_later@2x.png */,
				DCF9E13717A9CBC100377705 /* hiddin_left_reload@2x.png */,
				DC2530E417A4FEDD0048D5B4 /* hiddin_left_twitter@2x.png */,
				DC2530E517A4FEDD0048D5B4 /* hiddin_left_facebook@2x.png */,
			);
			name = "Left Menu Icons";
			sourceTree = "<group>";
		};
		DC1C9E1D17AC89580067F63D /* Navigation Bar Icons */ = {
			isa = PBXGroup;
			children = (
				DC1C9DF517AC6B450067F63D /* hiddin_nav_refresh@2x.png */,
				DC19A08F17A5C11500BC784C /* hiddin_nav@2x.png */,
			);
			name = "Navigation Bar Icons";
			sourceTree = "<group>";
		};
		DC1C9E1E17AC896C0067F63D /* Splash Screen Icons */ = {
			isa = PBXGroup;
			children = (
				DC1C9DE617AC34D30067F63D /* hiddin_text_horizontal@2x.png */,
				DC1C9DE817AC48EB0067F63D /* hiddin_facebook_login@2x.png */,
				DC1C9DE917AC48EB0067F63D /* hiddin_twitter_login@2x.png */,
			);
			name = "Splash Screen Icons";
			sourceTree = "<group>";
		};
		DC264B3D17A47EB6008973D7 /* Images */ = {
			isa = PBXGroup;
			children = (
				DCA5110717D77DB600286F66 /* popoverArrowDown.png */,
				DCA5110817D77DB600286F66 /* popoverArrowDown@2x.png */,
				DCA5110917D77DB600286F66 /* popoverArrowDownSimple.png */,
				DCA5110A17D77DB600286F66 /* popoverArrowLeft.png */,
				DCA5110B17D77DB600286F66 /* popoverArrowLeft@2x.png */,
				DCA5110C17D77DB600286F66 /* popoverArrowLeftSimple.png */,
				DCA5110D17D77DB600286F66 /* popoverArrowRight.png */,
				DCA5110E17D77DB600286F66 /* popoverArrowRight@2x.png */,
				DCA5110F17D77DB600286F66 /* popoverArrowRightSimple.png */,
				DCA5111017D77DB600286F66 /* popoverArrowUp.png */,
				DCA5111117D77DB600286F66 /* popoverArrowUp@2x.png */,
				DCA5111217D77DB600286F66 /* popoverArrowUpSimple.png */,
				DCA5111317D77DB600286F66 /* popoverBg.png */,
				DCA5111417D77DB600286F66 /* popoverBg@2x.png */,
				DCA5111517D77DB600286F66 /* popoverBgSimple.png */,
				DCA510EE17D6DF5300286F66 /* hiddin_error_tryagain@2x.png */,
				DCA510E917D6DE4800286F66 /* hiddin_twitter_error@2x.png */,
				DCA510E717D6C8BE00286F66 /* hiddin_done_twitter@2x.png */,
				DCA510E517D6C70300286F66 /* done@2x.png */,
				DCF0C8AB17B04D930008AA20 /* hiddin_left_retweet@2x.png */,
				DC37FF5A17AEC44000A6C056 /* hiddin_arrow_yellow@2x.png */,
				DC37FF5B17AEC44000A6C056 /* hiddin_arrow_red@2x.png */,
				DC37FF5C17AEC44000A6C056 /* hiddin_arrow_green@2x.png */,
				DC37FF5817AE4F0700A6C056 /* hiddin_left_help@2x.png */,
				DC37FF5617AE4C7C00A6C056 /* hiddin_continue@2x.png */,
				DC37FF5417AE4ABC00A6C056 /* hiddin_photo_5@2x.png */,
				DC37FF5017AE48CE00A6C056 /* hiddin_photo_4@2x.png */,
				DC37FF4817AE431F00A6C056 /* hiddin_photo_3@2x.png */,
				DC37FF4917AE431F00A6C056 /* hiddin_photo_2@2x.png */,
				DC37FF4A17AE431F00A6C056 /* hiddin_photo_1@2x.png */,
				DC37FF4B17AE431F00A6C056 /* hiddin_finger@2x.png */,
				DC37FF4617ADE8F300A6C056 /* hiddin_wireframe@2x.png */,
				DC37FF4217ADDCF500A6C056 /* hiddin_tweets@2x.png */,
				DC37FF4317ADDCF500A6C056 /* hiddin_photos@2x.png */,
				DC37FF4017ADDAA700A6C056 /* hiddin_getstarted@2x.png */,
				DC37FF3B17ADD3A400A6C056 /* hiddin_splash@2x.png */,
				DC1C9E1B17AC88E70067F63D /* Content Action Icons */,
				DC1C9E1C17AC89090067F63D /* Left Menu Icons */,
				DC1C9E1D17AC89580067F63D /* Navigation Bar Icons */,
				DC1C9E1E17AC896C0067F63D /* Splash Screen Icons */,
			);
			name = Images;
			path = Hiddin;
			sourceTree = "<group>";
		};
		DC3872DB17AB47E200C9C01B /* SVProgressHUD */ = {
			isa = PBXGroup;
			children = (
				DC3872D617AB47D900C9C01B /* SVProgressHUD.h */,
				DC3872D717AB47D900C9C01B /* SVProgressHUD.m */,
				DC3872D817AB47D900C9C01B /* SVProgressHUD.bundle */,
			);
			name = SVProgressHUD;
			sourceTree = "<group>";
		};
/* End PBXGroup section */

/* Begin PBXNativeTarget section */
		DC0DB02517A42A32006CC531 /* Hiddin */ = {
			isa = PBXNativeTarget;
			buildConfigurationList = DC0DB05B17A42A32006CC531 /* Build configuration list for PBXNativeTarget "Hiddin" */;
			buildPhases = (
				DC0DB02217A42A32006CC531 /* Sources */,
				DC0DB02317A42A32006CC531 /* Frameworks */,
				DC0DB02417A42A32006CC531 /* Resources */,
			);
			buildRules = (
			);
			dependencies = (
			);
			name = Hiddin;
			productName = Hiddin;
			productReference = DC0DB02617A42A32006CC531 /* Hiddin.app */;
			productType = "com.apple.product-type.application";
		};
		DC0DB04917A42A32006CC531 /* HiddinTests */ = {
			isa = PBXNativeTarget;
			buildConfigurationList = DC0DB05E17A42A32006CC531 /* Build configuration list for PBXNativeTarget "HiddinTests" */;
			buildPhases = (
				DC0DB04617A42A32006CC531 /* Sources */,
				DC0DB04717A42A32006CC531 /* Frameworks */,
				DC0DB04817A42A32006CC531 /* Resources */,
			);
			buildRules = (
			);
			dependencies = (
				DC0DB05017A42A32006CC531 /* PBXTargetDependency */,
			);
			name = HiddinTests;
			productName = HiddinTests;
			productReference = DC0DB04A17A42A32006CC531 /* HiddinTests.xctest */;
			productType = "com.apple.product-type.bundle.unit-test";
		};
/* End PBXNativeTarget section */

/* Begin PBXProject section */
		DC0DB01E17A42A32006CC531 /* Project object */ = {
			isa = PBXProject;
			attributes = {
				LastUpgradeCheck = 0500;
				ORGANIZATIONNAME = "Felix Xiao";
				TargetAttributes = {
					DC0DB04917A42A32006CC531 = {
						TestTargetID = DC0DB02517A42A32006CC531;
					};
				};
			};
			buildConfigurationList = DC0DB02117A42A32006CC531 /* Build configuration list for PBXProject "Hiddin" */;
			compatibilityVersion = "Xcode 3.2";
			developmentRegion = English;
			hasScannedForEncodings = 0;
			knownRegions = (
				en,
				Base,
			);
			mainGroup = DC0DB01D17A42A32006CC531;
			productRefGroup = DC0DB02717A42A32006CC531 /* Products */;
			projectDirPath = "";
			projectRoot = "";
			targets = (
				DC0DB02517A42A32006CC531 /* Hiddin */,
				DC0DB04917A42A32006CC531 /* HiddinTests */,
			);
		};
/* End PBXProject section */

/* Begin PBXResourcesBuildPhase section */
		DC0DB02417A42A32006CC531 /* Resources */ = {
			isa = PBXResourcesBuildPhase;
			buildActionMask = 2147483647;
			files = (
				DCA5111B17D77DB600286F66 /* popoverArrowLeftSimple.png in Resources */,
				DCA5111817D77DB600286F66 /* popoverArrowDownSimple.png in Resources */,
				DCF9E13317A9C1CE00377705 /* hiddin_delete_C@2x.png in Resources */,
				DCCC9D3C17EFDB1D00FC299F /* Default@2x.png in Resources */,
				DCA5111917D77DB600286F66 /* popoverArrowLeft.png in Resources */,
				DC0DB07B17A42C4C006CC531 /* Main_iPhone.storyboard in Resources */,
				DC264B3917A47EB1008973D7 /* hiddin_delete_A@2x.png in Resources */,
				DC0DB07C17A42C4C006CC531 /* Main_iPad.storyboard in Resources */,
				DCF0C8AC17B04D930008AA20 /* hiddin_left_retweet@2x.png in Resources */,
				DC1C9DEA17AC48EB0067F63D /* hiddin_facebook_login@2x.png in Resources */,
				DCA510E817D6C8BE00286F66 /* hiddin_done_twitter@2x.png in Resources */,
				DC2530E717A4FEDD0048D5B4 /* hiddin_left_twitter@2x.png in Resources */,
				DC0DB04517A42A32006CC531 /* Images.xcassets in Resources */,
				DC264B3C17A47EB1008973D7 /* hiddin_keep_B@2x.png in Resources */,
				DC37FF5E17AEC44000A6C056 /* hiddin_arrow_red@2x.png in Resources */,
				DC0DB06717A42BB6006CC531 /* FacebookSDKResources.bundle in Resources */,
				DC264B3B17A47EB1008973D7 /* hiddin_keep_A@2x.png in Resources */,
				DCA5111617D77DB600286F66 /* popoverArrowDown.png in Resources */,
				DC19A09017A5C11500BC784C /* hiddin_nav@2x.png in Resources */,
				DCCC9D3E17EFDE0200FC299F /* Default.png in Resources */,
				DC37FF3C17ADD3A400A6C056 /* hiddin_splash@2x.png in Resources */,
				DC37FF4417ADDCF600A6C056 /* hiddin_tweets@2x.png in Resources */,
				DCA5111E17D77DB600286F66 /* popoverArrowRightSimple.png in Resources */,
				DC1C9DF317AC66380067F63D /* hiddin_left_keep@2x.png in Resources */,
				DC1C9DF417AC66380067F63D /* hiddin_left_later@2x.png in Resources */,
				DC264B4817A481EF008973D7 /* hiddin_left_B@2x.png in Resources */,
				DCA510EA17D6DE4800286F66 /* hiddin_twitter_error@2x.png in Resources */,
				DCA5112317D77DB600286F66 /* popoverBg@2x.png in Resources */,
				DCA5112417D77DB600286F66 /* popoverBgSimple.png in Resources */,
				DC0DB09E17A455F2006CC531 /* MyContent.sqlite in Resources */,
				DC264B3A17A47EB1008973D7 /* hiddin_delete_B@2x.png in Resources */,
				DC264B3817A47EB1008973D7 /* hiddin_later_B@2x.png in Resources */,
				DC37FF4517ADDCF600A6C056 /* hiddin_photos@2x.png in Resources */,
				DC37FF4D17AE431F00A6C056 /* hiddin_photo_2@2x.png in Resources */,
				DC264B3717A47EB1008973D7 /* hiddin_later_A@2x.png in Resources */,
				DCCC9D3A17EFDAD200FC299F /* Default-568h@2x.png in Resources */,
				DC3872DA17AB47D900C9C01B /* SVProgressHUD.bundle in Resources */,
				DCA5111F17D77DB600286F66 /* popoverArrowUp.png in Resources */,
				DC1C9DF617AC6B450067F63D /* hiddin_nav_refresh@2x.png in Resources */,
				DC264B4717A481EF008973D7 /* hiddin_right_B@2x.png in Resources */,
				DC3872D517AB44AD00C9C01B /* hiddin_save_B@2x.png in Resources */,
				DC2530E817A4FEDD0048D5B4 /* hiddin_left_facebook@2x.png in Resources */,
				DC37FF5517AE4ABC00A6C056 /* hiddin_photo_5@2x.png in Resources */,
				DC37FF5F17AEC44000A6C056 /* hiddin_arrow_green@2x.png in Resources */,
				DCA510E617D6C70300286F66 /* done@2x.png in Resources */,
				DCA5111C17D77DB600286F66 /* popoverArrowRight.png in Resources */,
				DC1C9DEB17AC48EB0067F63D /* hiddin_twitter_login@2x.png in Resources */,
				DC1C9DE717AC34D30067F63D /* hiddin_text_horizontal@2x.png in Resources */,
				DCF9E13217A9C1CE00377705 /* hiddin_keep_C@2x.png in Resources */,
				DCF9E13817A9CBC100377705 /* hiddin_left_reload@2x.png in Resources */,
				DC37FF4117ADDAA700A6C056 /* hiddin_getstarted@2x.png in Resources */,
				DC264B4917A481EF008973D7 /* hiddin_left_A@2x.png in Resources */,
				DC0DB06817A42BB6006CC531 /* FBUserSettingsViewResources.bundle in Resources */,
				DC37FF5717AE4C7C00A6C056 /* hiddin_continue@2x.png in Resources */,
				DC0DB03417A42A32006CC531 /* InfoPlist.strings in Resources */,
				DC37FF5D17AEC44000A6C056 /* hiddin_arrow_yellow@2x.png in Resources */,
				DC37FF4E17AE431F00A6C056 /* hiddin_photo_1@2x.png in Resources */,
				DC37FF5917AE4F0700A6C056 /* hiddin_left_help@2x.png in Resources */,
				DCA510EF17D6DF5300286F66 /* hiddin_error_tryagain@2x.png in Resources */,
				DCA5112017D77DB600286F66 /* popoverArrowUp@2x.png in Resources */,
				DCF9E13417A9C1CE00377705 /* hiddin_later_C@2x.png in Resources */,
				DC37FF4F17AE431F00A6C056 /* hiddin_finger@2x.png in Resources */,
				DCA5111717D77DB600286F66 /* popoverArrowDown@2x.png in Resources */,
				DC3872D417AB44AD00C9C01B /* hiddin_save_A@2x.png in Resources */,
				DC264B4617A481EF008973D7 /* hiddin_right_A@2x.png in Resources */,
				DCA5112217D77DB600286F66 /* popoverBg.png in Resources */,
				DC37FF4C17AE431F00A6C056 /* hiddin_photo_3@2x.png in Resources */,
				DC37FF5117AE48CE00A6C056 /* hiddin_photo_4@2x.png in Resources */,
				DCA5112117D77DB600286F66 /* popoverArrowUpSimple.png in Resources */,
				DCA5111D17D77DB600286F66 /* popoverArrowRight@2x.png in Resources */,
				DC37FF4717ADE8F300A6C056 /* hiddin_wireframe@2x.png in Resources */,
				DCA5111A17D77DB600286F66 /* popoverArrowLeft@2x.png in Resources */,
			);
			runOnlyForDeploymentPostprocessing = 0;
		};
		DC0DB04817A42A32006CC531 /* Resources */ = {
			isa = PBXResourcesBuildPhase;
			buildActionMask = 2147483647;
			files = (
				DC0DB05617A42A32006CC531 /* InfoPlist.strings in Resources */,
			);
			runOnlyForDeploymentPostprocessing = 0;
		};
/* End PBXResourcesBuildPhase section */

/* Begin PBXSourcesBuildPhase section */
		DC0DB02217A42A32006CC531 /* Sources */ = {
			isa = PBXSourcesBuildPhase;
			buildActionMask = 2147483647;
			files = (
				DC37FF6217AEC82300A6C056 /* UIView+Badge.m in Sources */,
				DC1C9DF017AC62800067F63D /* TDBadgedCell.m in Sources */,
				DCA5110017D77A7B00286F66 /* WETouchableView.m in Sources */,
				DC0DB08B17A42DAF006CC531 /* UIViewController+JASidePanel.m in Sources */,
				DC07689A17A8A1EF0000344D /* ContentTableViewController.m in Sources */,
				DC07689617A876AD0000344D /* AsynchImageView.m in Sources */,
				DCA5110117D77A7B00286F66 /* WEPopoverContainerView.m in Sources */,
				DC07689717A876AD0000344D /* GetImageOperation.m in Sources */,
				DCF9E12D17A9729200377705 /* ExampleCell.m in Sources */,
				DC3872D917AB47D900C9C01B /* SVProgressHUD.m in Sources */,
				DCA510ED17D6DE5F00286F66 /* ErrorViewController.m in Sources */,
				DC2530DF17A4DB390048D5B4 /* MTPopupWindow.m in Sources */,
				DC0DB09017A42DD1006CC531 /* MenuViewController.m in Sources */,
				DCA510E417D6C0BE00286F66 /* DoneViewController.m in Sources */,
				DCA5110317D77A7B00286F66 /* UIBarButtonItem+WEPopover.m in Sources */,
				DC0DB03A17A42A32006CC531 /* AppDelegate.m in Sources */,
				DC0DB09317A42E0F006CC531 /* Reachability.m in Sources */,
				DCF0C8A317B00DA90008AA20 /* BannerViewController.m in Sources */,
				DC37FF3F17ADD66F00A6C056 /* IntroViewController.m in Sources */,
				DC0DB09917A44084006CC531 /* ContentViewController.m in Sources */,
				DCA5110617D77AC000286F66 /* WEPopoverContentViewController.m in Sources */,
				DCA5110217D77A7B00286F66 /* WEPopoverController.m in Sources */,
				DC0DB03617A42A32006CC531 /* main.m in Sources */,
				DC0DB08A17A42DAF006CC531 /* JASidePanelController.m in Sources */,
				DCF9E12A17A9725C00377705 /* JZSwipeCell.m in Sources */,
				DC2530E217A4FB760048D5B4 /* LeftViewController.m in Sources */,
				DC0DB09C17A44DEE006CC531 /* Content.m in Sources */,
				DC0DB08517A42D60006CC531 /* SplashViewController.m in Sources */,
			);
			runOnlyForDeploymentPostprocessing = 0;
		};
		DC0DB04617A42A32006CC531 /* Sources */ = {
			isa = PBXSourcesBuildPhase;
			buildActionMask = 2147483647;
			files = (
				DC0DB05817A42A32006CC531 /* HiddinTests.m in Sources */,
			);
			runOnlyForDeploymentPostprocessing = 0;
		};
/* End PBXSourcesBuildPhase section */

/* Begin PBXTargetDependency section */
		DC0DB05017A42A32006CC531 /* PBXTargetDependency */ = {
			isa = PBXTargetDependency;
			target = DC0DB02517A42A32006CC531 /* Hiddin */;
			targetProxy = DC0DB04F17A42A32006CC531 /* PBXContainerItemProxy */;
		};
/* End PBXTargetDependency section */

/* Begin PBXVariantGroup section */
		DC0DB03217A42A32006CC531 /* InfoPlist.strings */ = {
			isa = PBXVariantGroup;
			children = (
				DC0DB03317A42A32006CC531 /* en */,
			);
			name = InfoPlist.strings;
			sourceTree = "<group>";
		};
		DC0DB03B17A42A32006CC531 /* Main_iPhone.storyboard */ = {
			isa = PBXVariantGroup;
			children = (
				DC0DB03C17A42A32006CC531 /* Base */,
			);
			name = Main_iPhone.storyboard;
			sourceTree = "<group>";
		};
		DC0DB03E17A42A32006CC531 /* Main_iPad.storyboard */ = {
			isa = PBXVariantGroup;
			children = (
				DC0DB03F17A42A32006CC531 /* Base */,
			);
			name = Main_iPad.storyboard;
			sourceTree = "<group>";
		};
		DC0DB05417A42A32006CC531 /* InfoPlist.strings */ = {
			isa = PBXVariantGroup;
			children = (
				DC0DB05517A42A32006CC531 /* en */,
			);
			name = InfoPlist.strings;
			sourceTree = "<group>";
		};
/* End PBXVariantGroup section */

/* Begin XCBuildConfiguration section */
		DC0DB05917A42A32006CC531 /* Debug */ = {
			isa = XCBuildConfiguration;
			buildSettings = {
				ALWAYS_SEARCH_USER_PATHS = NO;
				CLANG_CXX_LANGUAGE_STANDARD = "gnu++0x";
				CLANG_CXX_LIBRARY = "libc++";
				CLANG_ENABLE_MODULES = YES;
				CLANG_ENABLE_OBJC_ARC = YES;
				CLANG_WARN_BOOL_CONVERSION = YES;
				CLANG_WARN_CONSTANT_CONVERSION = YES;
				CLANG_WARN_DIRECT_OBJC_ISA_USAGE = YES_ERROR;
				CLANG_WARN_EMPTY_BODY = YES;
				CLANG_WARN_ENUM_CONVERSION = YES;
				CLANG_WARN_INT_CONVERSION = YES;
				CLANG_WARN_OBJC_ROOT_CLASS = YES_ERROR;
				CLANG_WARN__DUPLICATE_METHOD_MATCH = YES;
				"CODE_SIGN_IDENTITY[sdk=iphoneos*]" = "iPhone Developer";
				COPY_PHASE_STRIP = NO;
				GCC_C_LANGUAGE_STANDARD = gnu99;
				GCC_DYNAMIC_NO_PIC = NO;
				GCC_OPTIMIZATION_LEVEL = 0;
				GCC_PREPROCESSOR_DEFINITIONS = (
					"DEBUG=1",
					"$(inherited)",
				);
				GCC_SYMBOLS_PRIVATE_EXTERN = NO;
				GCC_WARN_ABOUT_RETURN_TYPE = YES_ERROR;
				GCC_WARN_UNDECLARED_SELECTOR = YES;
				GCC_WARN_UNINITIALIZED_AUTOS = YES;
				GCC_WARN_UNUSED_FUNCTION = YES;
				GCC_WARN_UNUSED_VARIABLE = YES;
				IPHONEOS_DEPLOYMENT_TARGET = 7.0;
				ONLY_ACTIVE_ARCH = YES;
				SDKROOT = iphoneos;
				TARGETED_DEVICE_FAMILY = "1,2";
			};
			name = Debug;
		};
		DC0DB05A17A42A32006CC531 /* Release */ = {
			isa = XCBuildConfiguration;
			buildSettings = {
				ALWAYS_SEARCH_USER_PATHS = NO;
				CLANG_CXX_LANGUAGE_STANDARD = "gnu++0x";
				CLANG_CXX_LIBRARY = "libc++";
				CLANG_ENABLE_MODULES = YES;
				CLANG_ENABLE_OBJC_ARC = YES;
				CLANG_WARN_BOOL_CONVERSION = YES;
				CLANG_WARN_CONSTANT_CONVERSION = YES;
				CLANG_WARN_DIRECT_OBJC_ISA_USAGE = YES_ERROR;
				CLANG_WARN_EMPTY_BODY = YES;
				CLANG_WARN_ENUM_CONVERSION = YES;
				CLANG_WARN_INT_CONVERSION = YES;
				CLANG_WARN_OBJC_ROOT_CLASS = YES_ERROR;
				CLANG_WARN__DUPLICATE_METHOD_MATCH = YES;
				"CODE_SIGN_IDENTITY[sdk=iphoneos*]" = "iPhone Developer";
				COPY_PHASE_STRIP = YES;
				ENABLE_NS_ASSERTIONS = NO;
				GCC_C_LANGUAGE_STANDARD = gnu99;
				GCC_WARN_ABOUT_RETURN_TYPE = YES_ERROR;
				GCC_WARN_UNDECLARED_SELECTOR = YES;
				GCC_WARN_UNINITIALIZED_AUTOS = YES;
				GCC_WARN_UNUSED_FUNCTION = YES;
				GCC_WARN_UNUSED_VARIABLE = YES;
				IPHONEOS_DEPLOYMENT_TARGET = 7.0;
				SDKROOT = iphoneos;
				TARGETED_DEVICE_FAMILY = "1,2";
				VALIDATE_PRODUCT = YES;
			};
			name = Release;
		};
		DC0DB05C17A42A32006CC531 /* Debug */ = {
			isa = XCBuildConfiguration;
			buildSettings = {
				ASSETCATALOG_COMPILER_APPICON_NAME = AppIcon;
				"CODE_SIGN_IDENTITY[sdk=iphoneos*]" = "iPhone Distribution: Zirui Xiao (628YG6RJ8U)";
				FRAMEWORK_SEARCH_PATHS = (
					"$(inherited)",
					"$(SRCROOT)",
				);
				GCC_PRECOMPILE_PREFIX_HEADER = YES;
				GCC_PREFIX_HEADER = "Hiddin/Hiddin-Prefix.pch";
				INFOPLIST_FILE = "Hiddin/Hiddin-Info.plist";
				IPHONEOS_DEPLOYMENT_TARGET = 6.1;
				OTHER_LDFLAGS = "-ObjC ";
				PRODUCT_NAME = "$(TARGET_NAME)";
				PROVISIONING_PROFILE = "FC2D6C83-DA94-41B7-8896-4ECE84A75097";
				TARGETED_DEVICE_FAMILY = 1;
				WRAPPER_EXTENSION = app;
			};
			name = Debug;
		};
		DC0DB05D17A42A32006CC531 /* Release */ = {
			isa = XCBuildConfiguration;
			buildSettings = {
				ASSETCATALOG_COMPILER_APPICON_NAME = AppIcon;
				"CODE_SIGN_IDENTITY[sdk=iphoneos*]" = "iPhone Distribution: Zirui Xiao (628YG6RJ8U)";
				FRAMEWORK_SEARCH_PATHS = (
					"$(inherited)",
					"$(SRCROOT)",
				);
				GCC_PRECOMPILE_PREFIX_HEADER = YES;
				GCC_PREFIX_HEADER = "Hiddin/Hiddin-Prefix.pch";
				INFOPLIST_FILE = "Hiddin/Hiddin-Info.plist";
				IPHONEOS_DEPLOYMENT_TARGET = 6.1;
				OTHER_LDFLAGS = "-ObjC ";
				PRODUCT_NAME = "$(TARGET_NAME)";
				PROVISIONING_PROFILE = "FC2D6C83-DA94-41B7-8896-4ECE84A75097";
				TARGETED_DEVICE_FAMILY = 1;
				WRAPPER_EXTENSION = app;
			};
			name = Release;
		};
		DC0DB05F17A42A32006CC531 /* Debug */ = {
			isa = XCBuildConfiguration;
			buildSettings = {
				BUNDLE_LOADER = "$(BUILT_PRODUCTS_DIR)/Hiddin.app/Hiddin";
				FRAMEWORK_SEARCH_PATHS = (
					"$(SDKROOT)/Developer/Library/Frameworks",
					"$(inherited)",
					"$(SYSTEM_APPS_DIR)/Xcode5-DP3.app/Contents/Developer/Library/Frameworks",
				);
				GCC_PRECOMPILE_PREFIX_HEADER = YES;
				GCC_PREFIX_HEADER = "Hiddin/Hiddin-Prefix.pch";
				GCC_PREPROCESSOR_DEFINITIONS = (
					"DEBUG=1",
					"$(inherited)",
				);
				INFOPLIST_FILE = "HiddinTests/HiddinTests-Info.plist";
				PRODUCT_NAME = "$(TARGET_NAME)";
				TEST_HOST = "$(BUNDLE_LOADER)";
				WRAPPER_EXTENSION = xctest;
			};
			name = Debug;
		};
		DC0DB06017A42A32006CC531 /* Release */ = {
			isa = XCBuildConfiguration;
			buildSettings = {
				BUNDLE_LOADER = "$(BUILT_PRODUCTS_DIR)/Hiddin.app/Hiddin";
				FRAMEWORK_SEARCH_PATHS = (
					"$(SDKROOT)/Developer/Library/Frameworks",
					"$(inherited)",
					"$(SYSTEM_APPS_DIR)/Xcode5-DP3.app/Contents/Developer/Library/Frameworks",
				);
				GCC_PRECOMPILE_PREFIX_HEADER = YES;
				GCC_PREFIX_HEADER = "Hiddin/Hiddin-Prefix.pch";
				INFOPLIST_FILE = "HiddinTests/HiddinTests-Info.plist";
				PRODUCT_NAME = "$(TARGET_NAME)";
				TEST_HOST = "$(BUNDLE_LOADER)";
				WRAPPER_EXTENSION = xctest;
			};
			name = Release;
		};
/* End XCBuildConfiguration section */

/* Begin XCConfigurationList section */
		DC0DB02117A42A32006CC531 /* Build configuration list for PBXProject "Hiddin" */ = {
			isa = XCConfigurationList;
			buildConfigurations = (
				DC0DB05917A42A32006CC531 /* Debug */,
				DC0DB05A17A42A32006CC531 /* Release */,
			);
			defaultConfigurationIsVisible = 0;
			defaultConfigurationName = Release;
		};
		DC0DB05B17A42A32006CC531 /* Build configuration list for PBXNativeTarget "Hiddin" */ = {
			isa = XCConfigurationList;
			buildConfigurations = (
				DC0DB05C17A42A32006CC531 /* Debug */,
				DC0DB05D17A42A32006CC531 /* Release */,
			);
			defaultConfigurationIsVisible = 0;
			defaultConfigurationName = Release;
		};
		DC0DB05E17A42A32006CC531 /* Build configuration list for PBXNativeTarget "HiddinTests" */ = {
			isa = XCConfigurationList;
			buildConfigurations = (
				DC0DB05F17A42A32006CC531 /* Debug */,
				DC0DB06017A42A32006CC531 /* Release */,
			);
			defaultConfigurationIsVisible = 0;
			defaultConfigurationName = Release;
		};
/* End XCConfigurationList section */
	};
	rootObject = DC0DB01E17A42A32006CC531 /* Project object */;
}
